// !$*UTF8*$!
{
	archiveVersion = 1;
	classes = {
	};
	objectVersion = 50;
	objects = {

/* Begin PBXBuildFile section */
		557D3715C2EA4660FED5D13B /* Pods_BusarovaCoaching.framework in Frameworks */ = {isa = PBXBuildFile; fileRef = 61BAA6AABAAC7B1CCC410EA2 /* Pods_BusarovaCoaching.framework */; };
		DA0637962178BE4300A854B8 /* AppManager.swift in Sources */ = {isa = PBXBuildFile; fileRef = DA0637952178BE4300A854B8 /* AppManager.swift */; };
		DA167D0B2134300F001A9A84 /* DataController.swift in Sources */ = {isa = PBXBuildFile; fileRef = DA167D0A2134300F001A9A84 /* DataController.swift */; };
		DA19AA7421909A230049168A /* CharacteristicsCellProtocol.swift in Sources */ = {isa = PBXBuildFile; fileRef = DA19AA7321909A230049168A /* CharacteristicsCellProtocol.swift */; };
		DA19AA772191B4770049168A /* DayOfWeek.swift in Sources */ = {isa = PBXBuildFile; fileRef = DA19AA762191B4770049168A /* DayOfWeek.swift */; };
		DA19AA792191DD320049168A /* SubscriptionArticleSchedule.swift in Sources */ = {isa = PBXBuildFile; fileRef = DA19AA782191DD320049168A /* SubscriptionArticleSchedule.swift */; };
		DA27E24021ECB6A300C74A8F /* QuestionView.xib in Resources */ = {isa = PBXBuildFile; fileRef = DA27E23F21ECB6A300C74A8F /* QuestionView.xib */; };
		DA27E24221ECFC0C00C74A8F /* PassedQuestions.swift in Sources */ = {isa = PBXBuildFile; fileRef = DA27E24121ECFC0C00C74A8F /* PassedQuestions.swift */; };
		DA2AF07321E79C7400FCF72B /* AnswerQuestionsTableViewController.swift in Sources */ = {isa = PBXBuildFile; fileRef = DA2AF07221E79C7400FCF72B /* AnswerQuestionsTableViewController.swift */; };
		DA2AF07521E7A21B00FCF72B /* AnswersCell.swift in Sources */ = {isa = PBXBuildFile; fileRef = DA2AF07421E7A21B00FCF72B /* AnswersCell.swift */; };
		DA2AF07721E9360000FCF72B /* QuestionView.swift in Sources */ = {isa = PBXBuildFile; fileRef = DA2AF07621E9360000FCF72B /* QuestionView.swift */; };
		DA2AF07921E946C700FCF72B /* SubmitAnswersView.swift in Sources */ = {isa = PBXBuildFile; fileRef = DA2AF07821E946C700FCF72B /* SubmitAnswersView.swift */; };
		DA2AF07B21EA17C800FCF72B /* SubmitAnswersView.xib in Resources */ = {isa = PBXBuildFile; fileRef = DA2AF07A21EA17C800FCF72B /* SubmitAnswersView.xib */; };
		DA30394A217DFF72005EC94E /* AuthorizationViewController.swift in Sources */ = {isa = PBXBuildFile; fileRef = DA303949217DFF72005EC94E /* AuthorizationViewController.swift */; };
		DA30394C217E4057005EC94E /* User.swift in Sources */ = {isa = PBXBuildFile; fileRef = DA30394B217E4057005EC94E /* User.swift */; };
		DA30394E217E465E005EC94E /* String.swift in Sources */ = {isa = PBXBuildFile; fileRef = DA30394D217E465E005EC94E /* String.swift */; };
		DA303950217E4FE3005EC94E /* KeychainController.swift in Sources */ = {isa = PBXBuildFile; fileRef = DA30394F217E4FE3005EC94E /* KeychainController.swift */; };
		DA303954217E5C05005EC94E /* StoryboardIdentifiers.swift in Sources */ = {isa = PBXBuildFile; fileRef = DA303953217E5C05005EC94E /* StoryboardIdentifiers.swift */; };
		DA303956217F2BDB005EC94E /* UserRole.swift in Sources */ = {isa = PBXBuildFile; fileRef = DA303955217F2BDB005EC94E /* UserRole.swift */; };
		DA358646222168BB0057405C /* TabsSequence.swift in Sources */ = {isa = PBXBuildFile; fileRef = DA358645222168BB0057405C /* TabsSequence.swift */; };
		DA3E25E121AEE82E00CBF1B2 /* NSManagedObjectContext.swift in Sources */ = {isa = PBXBuildFile; fileRef = DA3E25E021AEE82E00CBF1B2 /* NSManagedObjectContext.swift */; };
		DA52AC6C22425DA20014C52D /* NotesTableViewController.swift in Sources */ = {isa = PBXBuildFile; fileRef = DA52AC6B22425DA20014C52D /* NotesTableViewController.swift */; };
		DA52AC6E22425E7D0014C52D /* NotesCell.swift in Sources */ = {isa = PBXBuildFile; fileRef = DA52AC6D22425E7D0014C52D /* NotesCell.swift */; };
		DA5A553C21243B4D00B7153E /* CheckBoxButton.swift in Sources */ = {isa = PBXBuildFile; fileRef = DA5A553B21243B4D00B7153E /* CheckBoxButton.swift */; };
		DA68CD60212312D000AE8515 /* AppDelegate.swift in Sources */ = {isa = PBXBuildFile; fileRef = DA68CD5F212312D000AE8515 /* AppDelegate.swift */; };
		DA68CD65212312D000AE8515 /* Main.storyboard in Resources */ = {isa = PBXBuildFile; fileRef = DA68CD63212312D000AE8515 /* Main.storyboard */; };
		DA68CD67212312D000AE8515 /* Assets.xcassets in Resources */ = {isa = PBXBuildFile; fileRef = DA68CD66212312D000AE8515 /* Assets.xcassets */; };
		DA68CD6A212312D000AE8515 /* LaunchScreen.storyboard in Resources */ = {isa = PBXBuildFile; fileRef = DA68CD68212312D000AE8515 /* LaunchScreen.storyboard */; };
		DA6E5BD421B92BB6003CBB2B /* CoreData.xcdatamodeld in Sources */ = {isa = PBXBuildFile; fileRef = DA6E5BD221B92BB6003CBB2B /* CoreData.xcdatamodeld */; };
		DA6E5BDA21B979C2003CBB2B /* NotificationsController.swift in Sources */ = {isa = PBXBuildFile; fileRef = DA6E5BD921B979C2003CBB2B /* NotificationsController.swift */; };
		DA6E5BDD21B99B91003CBB2B /* WaitingAdvicePushes.swift in Sources */ = {isa = PBXBuildFile; fileRef = DA6E5BDC21B99B91003CBB2B /* WaitingAdvicePushes.swift */; };
		DA6E5BDF21B99C13003CBB2B /* SentAdvicePushes.swift in Sources */ = {isa = PBXBuildFile; fileRef = DA6E5BDE21B99C13003CBB2B /* SentAdvicePushes.swift */; };
		DA6E5BE121B99CB9003CBB2B /* SentArticlePushes.swift in Sources */ = {isa = PBXBuildFile; fileRef = DA6E5BE021B99CB9003CBB2B /* SentArticlePushes.swift */; };
		DA6E5BE321B99CFC003CBB2B /* WaitingArticlePushes.swift in Sources */ = {isa = PBXBuildFile; fileRef = DA6E5BE221B99CFC003CBB2B /* WaitingArticlePushes.swift */; };
		DA6E5BE621B9AA6A003CBB2B /* ListOfReceivedArticlesAndAdvices.swift in Sources */ = {isa = PBXBuildFile; fileRef = DA6E5BE521B9AA6A003CBB2B /* ListOfReceivedArticlesAndAdvices.swift */; };
		DA6E5BE821B9AC72003CBB2B /* ListOfArticlesCell.swift in Sources */ = {isa = PBXBuildFile; fileRef = DA6E5BE721B9AC72003CBB2B /* ListOfArticlesCell.swift */; };
		DA81DA70216B885200D33388 /* NewAdviceViewController.swift in Sources */ = {isa = PBXBuildFile; fileRef = DA81DA6F216B885200D33388 /* NewAdviceViewController.swift */; };
		DA81DA77216BF40800D33388 /* ListOfAdvicesCell.swift in Sources */ = {isa = PBXBuildFile; fileRef = DA81DA76216BF40800D33388 /* ListOfAdvicesCell.swift */; };
		DA98A3E021A5E61E007ED40D /* CoreDataManager.swift in Sources */ = {isa = PBXBuildFile; fileRef = DA98A3DF21A5E61E007ED40D /* CoreDataManager.swift */; };
		DA98A3EA21A6BC2D007ED40D /* DispatchQueue.swift in Sources */ = {isa = PBXBuildFile; fileRef = DA98A3E921A6BC2D007ED40D /* DispatchQueue.swift */; };
		DA98A3EC21A6BC41007ED40D /* QualityOfService.swift in Sources */ = {isa = PBXBuildFile; fileRef = DA98A3EB21A6BC41007ED40D /* QualityOfService.swift */; };
		DA98A3EF21A6BC68007ED40D /* AsyncOperation.swift in Sources */ = {isa = PBXBuildFile; fileRef = DA98A3EE21A6BC68007ED40D /* AsyncOperation.swift */; };
		DA98A3F121A6BC83007ED40D /* BaseOperation.swift in Sources */ = {isa = PBXBuildFile; fileRef = DA98A3F021A6BC83007ED40D /* BaseOperation.swift */; };
		DA98E95921EF779800B11858 /* Date.swift in Sources */ = {isa = PBXBuildFile; fileRef = DA98E95821EF779800B11858 /* Date.swift */; };
		DA98E95B21EFB17B00B11858 /* CAShapeLayer.swift in Sources */ = {isa = PBXBuildFile; fileRef = DA98E95A21EFB17B00B11858 /* CAShapeLayer.swift */; };
		DA98E95E21EFB20C00B11858 /* ProgressShapeLayer.swift in Sources */ = {isa = PBXBuildFile; fileRef = DA98E95D21EFB20C00B11858 /* ProgressShapeLayer.swift */; };
		DA98E96021EFB23200B11858 /* ProgressView.swift in Sources */ = {isa = PBXBuildFile; fileRef = DA98E95F21EFB23200B11858 /* ProgressView.swift */; };
		DA98E96221EFB47600B11858 /* Achievements.swift in Sources */ = {isa = PBXBuildFile; fileRef = DA98E96121EFB47600B11858 /* Achievements.swift */; };
		DA98E96521EFBAD400B11858 /* AchivementsCell.xib in Resources */ = {isa = PBXBuildFile; fileRef = DA98E96421EFBAD400B11858 /* AchivementsCell.xib */; };
		DA9ED5FB2133EA4800FB54FB /* CharacteristicsModel.swift in Sources */ = {isa = PBXBuildFile; fileRef = DA9ED5FA2133EA4800FB54FB /* CharacteristicsModel.swift */; };
		DA9ED5FE2133F53C00FB54FB /* CharacteristicsTableViewController.swift in Sources */ = {isa = PBXBuildFile; fileRef = DA9ED5FD2133F53C00FB54FB /* CharacteristicsTableViewController.swift */; };
		DA9ED6002133F69400FB54FB /* CellIdentifiers.swift in Sources */ = {isa = PBXBuildFile; fileRef = DA9ED5FF2133F69400FB54FB /* CellIdentifiers.swift */; };
		DA9ED6022133F7D900FB54FB /* CharacteristicsCellLevel0.swift in Sources */ = {isa = PBXBuildFile; fileRef = DA9ED6012133F7D900FB54FB /* CharacteristicsCellLevel0.swift */; };
		DA9ED6042133F92900FB54FB /* CharacteristicsCellLevel1.swift in Sources */ = {isa = PBXBuildFile; fileRef = DA9ED6032133F92900FB54FB /* CharacteristicsCellLevel1.swift */; };
		DA9ED60A2133FCE800FB54FB /* CharacteristicsCellLevel2.swift in Sources */ = {isa = PBXBuildFile; fileRef = DA9ED6092133FCE800FB54FB /* CharacteristicsCellLevel2.swift */; };
		DA9ED60C2134176000FB54FB /* DBTables.swift in Sources */ = {isa = PBXBuildFile; fileRef = DA9ED60B2134176000FB54FB /* DBTables.swift */; };
		DAA140C522004A74009221B2 /* Assets.swift in Sources */ = {isa = PBXBuildFile; fileRef = DAA140C422004A74009221B2 /* Assets.swift */; };
		DAA97B00212336C0005AF50F /* WelcomeTableViewController.swift in Sources */ = {isa = PBXBuildFile; fileRef = DAA97AFF212336C0005AF50F /* WelcomeTableViewController.swift */; };
		DAA97B0221233715005AF50F /* WelcomeModel.swift in Sources */ = {isa = PBXBuildFile; fileRef = DAA97B0121233715005AF50F /* WelcomeModel.swift */; };
		DAA97B042123396F005AF50F /* WelcomeTableCell.swift in Sources */ = {isa = PBXBuildFile; fileRef = DAA97B032123396F005AF50F /* WelcomeTableCell.swift */; };
		DAA97B0621233DAF005AF50F /* DescriptionViewController.swift in Sources */ = {isa = PBXBuildFile; fileRef = DAA97B0521233DAF005AF50F /* DescriptionViewController.swift */; };
		DAA9D748215EA02D009697E8 /* CharacteristicsLevel.swift in Sources */ = {isa = PBXBuildFile; fileRef = DAA9D747215EA02D009697E8 /* CharacteristicsLevel.swift */; };
		DAA9D74B21621DA3009697E8 /* ArticleType.swift in Sources */ = {isa = PBXBuildFile; fileRef = DAA9D74A21621DA3009697E8 /* ArticleType.swift */; };
		DAA9D74D21628BDE009697E8 /* NewTestQuestionTableViewController.swift in Sources */ = {isa = PBXBuildFile; fileRef = DAA9D74C21628BDE009697E8 /* NewTestQuestionTableViewController.swift */; };
		DAA9D74F21629411009697E8 /* NewTestQuestionCell.swift in Sources */ = {isa = PBXBuildFile; fileRef = DAA9D74E21629411009697E8 /* NewTestQuestionCell.swift */; };
		DAA9D75221652E1B009697E8 /* SaveListElementsProtocol.swift in Sources */ = {isa = PBXBuildFile; fileRef = DAA9D75121652E1B009697E8 /* SaveListElementsProtocol.swift */; };
		DAA9D754216552F9009697E8 /* NewTestQuestionHederView.swift in Sources */ = {isa = PBXBuildFile; fileRef = DAA9D753216552F9009697E8 /* NewTestQuestionHederView.swift */; };
		DAA9D7562166419C009697E8 /* NewListInsideHeaderView.swift in Sources */ = {isa = PBXBuildFile; fileRef = DAA9D7552166419C009697E8 /* NewListInsideHeaderView.swift */; };
		DAA9D7582166501A009697E8 /* ArticleListWithCaptionCell.swift in Sources */ = {isa = PBXBuildFile; fileRef = DAA9D7572166501A009697E8 /* ArticleListWithCaptionCell.swift */; };
		DAACF04821345C45006FA934 /* GoogleService-Info.plist in Resources */ = {isa = PBXBuildFile; fileRef = DAACF04721345C45006FA934 /* GoogleService-Info.plist */; };
		DAB5CB192135BA3300B436C2 /* NotesModel.swift in Sources */ = {isa = PBXBuildFile; fileRef = DAB5CB182135BA3300B436C2 /* NotesModel.swift */; };
		DAB5CB1B21369A9F00B436C2 /* AboutArticlesModel.swift in Sources */ = {isa = PBXBuildFile; fileRef = DAB5CB1A21369A9F00B436C2 /* AboutArticlesModel.swift */; };
		DAC0AE3421484A4B00FF9D82 /* SegueIdentifiers.swift in Sources */ = {isa = PBXBuildFile; fileRef = DAC0AE3321484A4B00FF9D82 /* SegueIdentifiers.swift */; };
		DAC0AE3621484D1D00FF9D82 /* StorageController.swift in Sources */ = {isa = PBXBuildFile; fileRef = DAC0AE3521484D1D00FF9D82 /* StorageController.swift */; };
		DAC0AE38214850BC00FF9D82 /* FirebaseController.swift in Sources */ = {isa = PBXBuildFile; fileRef = DAC0AE37214850BC00FF9D82 /* FirebaseController.swift */; };
		DAC124E32125E18C00378DA1 /* CabinetTableViewController.swift in Sources */ = {isa = PBXBuildFile; fileRef = DAC124E22125E18C00378DA1 /* CabinetTableViewController.swift */; };
		DAC124E52125E20500378DA1 /* CabinetModel.swift in Sources */ = {isa = PBXBuildFile; fileRef = DAC124E42125E20500378DA1 /* CabinetModel.swift */; };
		DAC124E72125E83B00378DA1 /* CabinetCell.swift in Sources */ = {isa = PBXBuildFile; fileRef = DAC124E62125E83B00378DA1 /* CabinetCell.swift */; };
		DAC124E92125ECC500378DA1 /* CabinetSectionView.swift in Sources */ = {isa = PBXBuildFile; fileRef = DAC124E82125ECC500378DA1 /* CabinetSectionView.swift */; };
		DAC124EB2125F88900378DA1 /* CompetenceTableViewController.swift in Sources */ = {isa = PBXBuildFile; fileRef = DAC124EA2125F88900378DA1 /* CompetenceTableViewController.swift */; };
		DAC124ED2125F90500378DA1 /* CompetenceCell.swift in Sources */ = {isa = PBXBuildFile; fileRef = DAC124EC2125F90500378DA1 /* CompetenceCell.swift */; };
		DAC124F12125FDED00378DA1 /* AchievementsTableViewController.swift in Sources */ = {isa = PBXBuildFile; fileRef = DAC124F02125FDED00378DA1 /* AchievementsTableViewController.swift */; };
		DAC124F32125FED800378DA1 /* AchivementsCell.swift in Sources */ = {isa = PBXBuildFile; fileRef = DAC124F22125FED800378DA1 /* AchivementsCell.swift */; };
		DAC124FB21260FA000378DA1 /* OldNotesTableViewController.swift in Sources */ = {isa = PBXBuildFile; fileRef = DAC124FA21260FA000378DA1 /* OldNotesTableViewController.swift */; };
		DAC124FD212610CB00378DA1 /* OldNotesCell.swift in Sources */ = {isa = PBXBuildFile; fileRef = DAC124FC212610CB00378DA1 /* OldNotesCell.swift */; };
		DAC124FF2126120A00378DA1 /* DetailedNoteViewController.swift in Sources */ = {isa = PBXBuildFile; fileRef = DAC124FE2126120A00378DA1 /* DetailedNoteViewController.swift */; };
		DAC61EB82149299800FB78C6 /* Article.swift in Sources */ = {isa = PBXBuildFile; fileRef = DAC61EB72149299800FB78C6 /* Article.swift */; };
		DAC61EBA21492A6000FB78C6 /* ArticleInside.swift in Sources */ = {isa = PBXBuildFile; fileRef = DAC61EB921492A6000FB78C6 /* ArticleInside.swift */; };
		DAC61EBC21492AF500FB78C6 /* ArticleInsideType.swift in Sources */ = {isa = PBXBuildFile; fileRef = DAC61EBB21492AF500FB78C6 /* ArticleInsideType.swift */; };
		DAC61EC621495FC800FB78C6 /* CharacteristicsArticlesTableViewController.swift in Sources */ = {isa = PBXBuildFile; fileRef = DAC61EC521495FC800FB78C6 /* CharacteristicsArticlesTableViewController.swift */; };
		DAC61EC82149604500FB78C6 /* CharacteristicsArticlesCell.swift in Sources */ = {isa = PBXBuildFile; fileRef = DAC61EC72149604500FB78C6 /* CharacteristicsArticlesCell.swift */; };
		DAC61ECA214981C900FB78C6 /* NewCharacteristicArticleTableViewController.swift in Sources */ = {isa = PBXBuildFile; fileRef = DAC61EC9214981C900FB78C6 /* NewCharacteristicArticleTableViewController.swift */; };
		DAC61ECD21498AB300FB78C6 /* InsideCell.swift in Sources */ = {isa = PBXBuildFile; fileRef = DAC61ECC21498AB300FB78C6 /* InsideCell.swift */; };
		DAC61ECF214A84D300FB78C6 /* NewCharacteristicsArticleHeaderView.swift in Sources */ = {isa = PBXBuildFile; fileRef = DAC61ECE214A84D300FB78C6 /* NewCharacteristicsArticleHeaderView.swift */; };
		DAC61ED6214A969700FB78C6 /* TableFooterView.swift in Sources */ = {isa = PBXBuildFile; fileRef = DAC61ED5214A969700FB78C6 /* TableFooterView.swift */; };
		DAC61ED8214BB69000FB78C6 /* ActivityIndicator.swift in Sources */ = {isa = PBXBuildFile; fileRef = DAC61ED7214BB69000FB78C6 /* ActivityIndicator.swift */; };
		DAC61EDA214BD67400FB78C6 /* NewTextInsideViewController.swift in Sources */ = {isa = PBXBuildFile; fileRef = DAC61ED9214BD67400FB78C6 /* NewTextInsideViewController.swift */; };
		DAC61EDC214BD69500FB78C6 /* NewImageInsideViewController.swift in Sources */ = {isa = PBXBuildFile; fileRef = DAC61EDB214BD69500FB78C6 /* NewImageInsideViewController.swift */; };
		DAC61EDE214BD6B700FB78C6 /* NewListInsideTableViewController.swift in Sources */ = {isa = PBXBuildFile; fileRef = DAC61EDD214BD6B700FB78C6 /* NewListInsideTableViewController.swift */; };
		DAC61EE0214C196800FB78C6 /* JSONEncoder.swift in Sources */ = {isa = PBXBuildFile; fileRef = DAC61EDF214C196800FB78C6 /* JSONEncoder.swift */; };
		DAC61EE2214C1AD500FB78C6 /* Result.swift in Sources */ = {isa = PBXBuildFile; fileRef = DAC61EE1214C1AD500FB78C6 /* Result.swift */; };
		DAC61EE4214C1B4600FB78C6 /* AppError.swift in Sources */ = {isa = PBXBuildFile; fileRef = DAC61EE3214C1B4600FB78C6 /* AppError.swift */; };
		DAC61EE6214C1F9100FB78C6 /* DocumentSnapshot.swift in Sources */ = {isa = PBXBuildFile; fileRef = DAC61EE5214C1F9100FB78C6 /* DocumentSnapshot.swift */; };
		DAC61EE8214C1FFF00FB78C6 /* JSONDecoder.swift in Sources */ = {isa = PBXBuildFile; fileRef = DAC61EE7214C1FFF00FB78C6 /* JSONDecoder.swift */; };
		DAC61EEA214C209B00FB78C6 /* Dictionary.swift in Sources */ = {isa = PBXBuildFile; fileRef = DAC61EE9214C209B00FB78C6 /* Dictionary.swift */; };
		DAC61EEC214C215700FB78C6 /* QuerySnapshot.swift in Sources */ = {isa = PBXBuildFile; fileRef = DAC61EEB214C215700FB78C6 /* QuerySnapshot.swift */; };
		DAC61EEE214C255700FB78C6 /* AlertDialog.swift in Sources */ = {isa = PBXBuildFile; fileRef = DAC61EED214C255700FB78C6 /* AlertDialog.swift */; };
		DACCC4E921B6CE3700854B26 /* NetworkingController.swift in Sources */ = {isa = PBXBuildFile; fileRef = DACCC4E821B6CE3700854B26 /* NetworkingController.swift */; };
		DAD0D1FC21CE521100891C19 /* SubscriptionInformationType.swift in Sources */ = {isa = PBXBuildFile; fileRef = DAD0D1FB21CE521100891C19 /* SubscriptionInformationType.swift */; };
		DADEAB2D212458AF0042B564 /* WelcomeFootterXIB.xib in Resources */ = {isa = PBXBuildFile; fileRef = DADEAB2C212458AF0042B564 /* WelcomeFootterXIB.xib */; };
		DADEAB2F21246A860042B564 /* WelcomeFootterXIB.swift in Sources */ = {isa = PBXBuildFile; fileRef = DADEAB2E21246A860042B564 /* WelcomeFootterXIB.swift */; };
		DAE6DF7521527BB8009C9CC3 /* ArticleListCell.swift in Sources */ = {isa = PBXBuildFile; fileRef = DAE6DF7421527BB8009C9CC3 /* ArticleListCell.swift */; };
		DAE6DF7721527C14009C9CC3 /* ArticleInsideUnwrapped.swift in Sources */ = {isa = PBXBuildFile; fileRef = DAE6DF7621527C14009C9CC3 /* ArticleInsideUnwrapped.swift */; };
		DAE6DF7921527DD9009C9CC3 /* ArticleTextWithCaptionCell.swift in Sources */ = {isa = PBXBuildFile; fileRef = DAE6DF7821527DD9009C9CC3 /* ArticleTextWithCaptionCell.swift */; };
		DAE6DF7B21527E6E009C9CC3 /* ArticleTextCell.swift in Sources */ = {isa = PBXBuildFile; fileRef = DAE6DF7A21527E6E009C9CC3 /* ArticleTextCell.swift */; };
		DAE6DF7D21527F25009C9CC3 /* ArticleImageCell.swift in Sources */ = {isa = PBXBuildFile; fileRef = DAE6DF7C21527F25009C9CC3 /* ArticleImageCell.swift */; };
		DAE6DF7F21527FAF009C9CC3 /* ArticleImageWithCaptionCell.swift in Sources */ = {isa = PBXBuildFile; fileRef = DAE6DF7E21527FAF009C9CC3 /* ArticleImageWithCaptionCell.swift */; };
		DAE6DF8121528EC3009C9CC3 /* ArticlesPreviewTableViewController.swift in Sources */ = {isa = PBXBuildFile; fileRef = DAE6DF8021528EC3009C9CC3 /* ArticlesPreviewTableViewController.swift */; };
		DAE6DF832152DC33009C9CC3 /* ArticlesPreviewHeaderView.swift in Sources */ = {isa = PBXBuildFile; fileRef = DAE6DF822152DC33009C9CC3 /* ArticlesPreviewHeaderView.swift */; };
		DAE6DF852152DFAB009C9CC3 /* UITableView.swift in Sources */ = {isa = PBXBuildFile; fileRef = DAE6DF842152DFAB009C9CC3 /* UITableView.swift */; };
		DAEE517A214D857500449FEE /* UITapGestureRecognizer.swift in Sources */ = {isa = PBXBuildFile; fileRef = DAEE5179214D857500449FEE /* UITapGestureRecognizer.swift */; };
		DAEE517C214FAAA100449FEE /* StoragePath.swift in Sources */ = {isa = PBXBuildFile; fileRef = DAEE517B214FAAA100449FEE /* StoragePath.swift */; };
		DAEE517E214FAD9B00449FEE /* Data.swift in Sources */ = {isa = PBXBuildFile; fileRef = DAEE517D214FAD9B00449FEE /* Data.swift */; };
		DAEE5180214FD4D800449FEE /* ListElementsCell.swift in Sources */ = {isa = PBXBuildFile; fileRef = DAEE517F214FD4D800449FEE /* ListElementsCell.swift */; };
		DAEE5182215025AE00449FEE /* LiteralConsts.swift in Sources */ = {isa = PBXBuildFile; fileRef = DAEE5181215025AE00449FEE /* LiteralConsts.swift */; };
		DAEE5184215027FF00449FEE /* EditListInsideViewController.swift in Sources */ = {isa = PBXBuildFile; fileRef = DAEE5183215027FF00449FEE /* EditListInsideViewController.swift */; };
		DAF2A47E219CA05500BC45A6 /* SubscriptionAdviceSchedule.swift in Sources */ = {isa = PBXBuildFile; fileRef = DAF2A47D219CA05500BC45A6 /* SubscriptionAdviceSchedule.swift */; };
		DAF2A480219CA62E00BC45A6 /* ScheduleTableViewController.swift in Sources */ = {isa = PBXBuildFile; fileRef = DAF2A47F219CA62E00BC45A6 /* ScheduleTableViewController.swift */; };
		DAF2A482219CA78F00BC45A6 /* AdvicesScheduleCell.swift in Sources */ = {isa = PBXBuildFile; fileRef = DAF2A481219CA78F00BC45A6 /* AdvicesScheduleCell.swift */; };
		DAF2A484219CB4F000BC45A6 /* MultiSelectSegmentedControl.swift in Sources */ = {isa = PBXBuildFile; fileRef = DAF2A483219CB4F000BC45A6 /* MultiSelectSegmentedControl.swift */; };
		DAF2A488219CBBF700BC45A6 /* ArticlesScheduleCell.swift in Sources */ = {isa = PBXBuildFile; fileRef = DAF2A487219CBBF700BC45A6 /* ArticlesScheduleCell.swift */; };
		DAF2A48A219CC0AE00BC45A6 /* ArticlesScheduleCell.xib in Resources */ = {isa = PBXBuildFile; fileRef = DAF2A489219CC0AE00BC45A6 /* ArticlesScheduleCell.xib */; };
		DAF2A495219ED94200BC45A6 /* ScheduleCellDelegateProtocol.swift in Sources */ = {isa = PBXBuildFile; fileRef = DAF2A494219ED94200BC45A6 /* ScheduleCellDelegateProtocol.swift */; };
		DAF2A49B219EF08000BC45A6 /* TimePickerViewController.swift in Sources */ = {isa = PBXBuildFile; fileRef = DAF2A49A219EF08000BC45A6 /* TimePickerViewController.swift */; };
		DAF2A49D219F14DD00BC45A6 /* TimeSaveDelegateProtocol.swift in Sources */ = {isa = PBXBuildFile; fileRef = DAF2A49C219F14DD00BC45A6 /* TimeSaveDelegateProtocol.swift */; };
		DAF2A49F219F350300BC45A6 /* AdvicesScheduleCell.xib in Resources */ = {isa = PBXBuildFile; fileRef = DAF2A49E219F350300BC45A6 /* AdvicesScheduleCell.xib */; };
		DAF89021223FD17E00399782 /* ArticleNotes.swift in Sources */ = {isa = PBXBuildFile; fileRef = DAF89020223FD17E00399782 /* ArticleNotes.swift */; };
		DAF89024223FF7BB00399782 /* ArticleNoteViewController.swift in Sources */ = {isa = PBXBuildFile; fileRef = DAF89023223FF7BB00399782 /* ArticleNoteViewController.swift */; };
/* End PBXBuildFile section */

/* Begin PBXFileReference section */
		5868065F6968F58F8DEBB8E1 /* Pods-BusarovaCoaching.debug.xcconfig */ = {isa = PBXFileReference; includeInIndex = 1; lastKnownFileType = text.xcconfig; name = "Pods-BusarovaCoaching.debug.xcconfig"; path = "Pods/Target Support Files/Pods-BusarovaCoaching/Pods-BusarovaCoaching.debug.xcconfig"; sourceTree = "<group>"; };
		61BAA6AABAAC7B1CCC410EA2 /* Pods_BusarovaCoaching.framework */ = {isa = PBXFileReference; explicitFileType = wrapper.framework; includeInIndex = 0; path = Pods_BusarovaCoaching.framework; sourceTree = BUILT_PRODUCTS_DIR; };
		7D348FDAB9D9C3649F079096 /* Pods-BusarovaCoaching.release.xcconfig */ = {isa = PBXFileReference; includeInIndex = 1; lastKnownFileType = text.xcconfig; name = "Pods-BusarovaCoaching.release.xcconfig"; path = "Pods/Target Support Files/Pods-BusarovaCoaching/Pods-BusarovaCoaching.release.xcconfig"; sourceTree = "<group>"; };
		DA0637952178BE4300A854B8 /* AppManager.swift */ = {isa = PBXFileReference; lastKnownFileType = sourcecode.swift; path = AppManager.swift; sourceTree = "<group>"; };
		DA167D0A2134300F001A9A84 /* DataController.swift */ = {isa = PBXFileReference; lastKnownFileType = sourcecode.swift; path = DataController.swift; sourceTree = "<group>"; };
		DA19AA7321909A230049168A /* CharacteristicsCellProtocol.swift */ = {isa = PBXFileReference; lastKnownFileType = sourcecode.swift; path = CharacteristicsCellProtocol.swift; sourceTree = "<group>"; };
		DA19AA762191B4770049168A /* DayOfWeek.swift */ = {isa = PBXFileReference; lastKnownFileType = sourcecode.swift; path = DayOfWeek.swift; sourceTree = "<group>"; };
		DA19AA782191DD320049168A /* SubscriptionArticleSchedule.swift */ = {isa = PBXFileReference; lastKnownFileType = sourcecode.swift; path = SubscriptionArticleSchedule.swift; sourceTree = "<group>"; };
		DA27E23F21ECB6A300C74A8F /* QuestionView.xib */ = {isa = PBXFileReference; lastKnownFileType = file.xib; path = QuestionView.xib; sourceTree = "<group>"; };
		DA27E24121ECFC0C00C74A8F /* PassedQuestions.swift */ = {isa = PBXFileReference; lastKnownFileType = sourcecode.swift; path = PassedQuestions.swift; sourceTree = "<group>"; };
		DA2AF07221E79C7400FCF72B /* AnswerQuestionsTableViewController.swift */ = {isa = PBXFileReference; lastKnownFileType = sourcecode.swift; path = AnswerQuestionsTableViewController.swift; sourceTree = "<group>"; };
		DA2AF07421E7A21B00FCF72B /* AnswersCell.swift */ = {isa = PBXFileReference; lastKnownFileType = sourcecode.swift; path = AnswersCell.swift; sourceTree = "<group>"; };
		DA2AF07621E9360000FCF72B /* QuestionView.swift */ = {isa = PBXFileReference; lastKnownFileType = sourcecode.swift; path = QuestionView.swift; sourceTree = "<group>"; };
		DA2AF07821E946C700FCF72B /* SubmitAnswersView.swift */ = {isa = PBXFileReference; lastKnownFileType = sourcecode.swift; path = SubmitAnswersView.swift; sourceTree = "<group>"; };
		DA2AF07A21EA17C800FCF72B /* SubmitAnswersView.xib */ = {isa = PBXFileReference; lastKnownFileType = file.xib; path = SubmitAnswersView.xib; sourceTree = "<group>"; };
		DA303949217DFF72005EC94E /* AuthorizationViewController.swift */ = {isa = PBXFileReference; lastKnownFileType = sourcecode.swift; path = AuthorizationViewController.swift; sourceTree = "<group>"; };
		DA30394B217E4057005EC94E /* User.swift */ = {isa = PBXFileReference; lastKnownFileType = sourcecode.swift; path = User.swift; sourceTree = "<group>"; };
		DA30394D217E465E005EC94E /* String.swift */ = {isa = PBXFileReference; lastKnownFileType = sourcecode.swift; path = String.swift; sourceTree = "<group>"; };
		DA30394F217E4FE3005EC94E /* KeychainController.swift */ = {isa = PBXFileReference; lastKnownFileType = sourcecode.swift; path = KeychainController.swift; sourceTree = "<group>"; };
		DA303953217E5C05005EC94E /* StoryboardIdentifiers.swift */ = {isa = PBXFileReference; lastKnownFileType = sourcecode.swift; path = StoryboardIdentifiers.swift; sourceTree = "<group>"; };
		DA303955217F2BDB005EC94E /* UserRole.swift */ = {isa = PBXFileReference; lastKnownFileType = sourcecode.swift; path = UserRole.swift; sourceTree = "<group>"; };
		DA358645222168BB0057405C /* TabsSequence.swift */ = {isa = PBXFileReference; lastKnownFileType = sourcecode.swift; path = TabsSequence.swift; sourceTree = "<group>"; };
		DA3E25E021AEE82E00CBF1B2 /* NSManagedObjectContext.swift */ = {isa = PBXFileReference; lastKnownFileType = sourcecode.swift; path = NSManagedObjectContext.swift; sourceTree = "<group>"; };
		DA52AC6B22425DA20014C52D /* NotesTableViewController.swift */ = {isa = PBXFileReference; lastKnownFileType = sourcecode.swift; path = NotesTableViewController.swift; sourceTree = "<group>"; };
		DA52AC6D22425E7D0014C52D /* NotesCell.swift */ = {isa = PBXFileReference; lastKnownFileType = sourcecode.swift; path = NotesCell.swift; sourceTree = "<group>"; };
		DA5A553B21243B4D00B7153E /* CheckBoxButton.swift */ = {isa = PBXFileReference; lastKnownFileType = sourcecode.swift; path = CheckBoxButton.swift; sourceTree = "<group>"; };
		DA68CD5C212312D000AE8515 /* ru.busarova.Karierist.app */ = {isa = PBXFileReference; explicitFileType = wrapper.application; includeInIndex = 0; path = ru.busarova.Karierist.app; sourceTree = BUILT_PRODUCTS_DIR; };
		DA68CD5F212312D000AE8515 /* AppDelegate.swift */ = {isa = PBXFileReference; lastKnownFileType = sourcecode.swift; path = AppDelegate.swift; sourceTree = "<group>"; };
		DA68CD64212312D000AE8515 /* Base */ = {isa = PBXFileReference; lastKnownFileType = file.storyboard; name = Base; path = Base.lproj/Main.storyboard; sourceTree = "<group>"; };
		DA68CD66212312D000AE8515 /* Assets.xcassets */ = {isa = PBXFileReference; lastKnownFileType = folder.assetcatalog; path = Assets.xcassets; sourceTree = "<group>"; };
		DA68CD69212312D000AE8515 /* Base */ = {isa = PBXFileReference; lastKnownFileType = file.storyboard; name = Base; path = Base.lproj/LaunchScreen.storyboard; sourceTree = "<group>"; };
		DA68CD6B212312D000AE8515 /* Info.plist */ = {isa = PBXFileReference; lastKnownFileType = text.plist.xml; path = Info.plist; sourceTree = "<group>"; };
		DA6E5BD321B92BB6003CBB2B /* CoreData.xcdatamodel */ = {isa = PBXFileReference; lastKnownFileType = wrapper.xcdatamodel; path = CoreData.xcdatamodel; sourceTree = "<group>"; };
		DA6E5BD921B979C2003CBB2B /* NotificationsController.swift */ = {isa = PBXFileReference; lastKnownFileType = sourcecode.swift; path = NotificationsController.swift; sourceTree = "<group>"; };
		DA6E5BDC21B99B91003CBB2B /* WaitingAdvicePushes.swift */ = {isa = PBXFileReference; lastKnownFileType = sourcecode.swift; path = WaitingAdvicePushes.swift; sourceTree = "<group>"; };
		DA6E5BDE21B99C13003CBB2B /* SentAdvicePushes.swift */ = {isa = PBXFileReference; lastKnownFileType = sourcecode.swift; path = SentAdvicePushes.swift; sourceTree = "<group>"; };
		DA6E5BE021B99CB9003CBB2B /* SentArticlePushes.swift */ = {isa = PBXFileReference; lastKnownFileType = sourcecode.swift; path = SentArticlePushes.swift; sourceTree = "<group>"; };
		DA6E5BE221B99CFC003CBB2B /* WaitingArticlePushes.swift */ = {isa = PBXFileReference; lastKnownFileType = sourcecode.swift; path = WaitingArticlePushes.swift; sourceTree = "<group>"; };
		DA6E5BE521B9AA6A003CBB2B /* ListOfReceivedArticlesAndAdvices.swift */ = {isa = PBXFileReference; lastKnownFileType = sourcecode.swift; path = ListOfReceivedArticlesAndAdvices.swift; sourceTree = "<group>"; };
		DA6E5BE721B9AC72003CBB2B /* ListOfArticlesCell.swift */ = {isa = PBXFileReference; lastKnownFileType = sourcecode.swift; path = ListOfArticlesCell.swift; sourceTree = "<group>"; };
		DA81DA6F216B885200D33388 /* NewAdviceViewController.swift */ = {isa = PBXFileReference; lastKnownFileType = sourcecode.swift; path = NewAdviceViewController.swift; sourceTree = "<group>"; };
		DA81DA76216BF40800D33388 /* ListOfAdvicesCell.swift */ = {isa = PBXFileReference; lastKnownFileType = sourcecode.swift; path = ListOfAdvicesCell.swift; sourceTree = "<group>"; };
		DA98A3DE21A2E984007ED40D /* ru.busarova.Karierist.entitlements */ = {isa = PBXFileReference; lastKnownFileType = text.plist.entitlements; path = ru.busarova.Karierist.entitlements; sourceTree = "<group>"; };
		DA98A3DF21A5E61E007ED40D /* CoreDataManager.swift */ = {isa = PBXFileReference; lastKnownFileType = sourcecode.swift; path = CoreDataManager.swift; sourceTree = "<group>"; };
		DA98A3E921A6BC2D007ED40D /* DispatchQueue.swift */ = {isa = PBXFileReference; lastKnownFileType = sourcecode.swift; path = DispatchQueue.swift; sourceTree = "<group>"; };
		DA98A3EB21A6BC41007ED40D /* QualityOfService.swift */ = {isa = PBXFileReference; lastKnownFileType = sourcecode.swift; path = QualityOfService.swift; sourceTree = "<group>"; };
		DA98A3EE21A6BC68007ED40D /* AsyncOperation.swift */ = {isa = PBXFileReference; lastKnownFileType = sourcecode.swift; path = AsyncOperation.swift; sourceTree = "<group>"; };
		DA98A3F021A6BC83007ED40D /* BaseOperation.swift */ = {isa = PBXFileReference; lastKnownFileType = sourcecode.swift; path = BaseOperation.swift; sourceTree = "<group>"; };
		DA98E95821EF779800B11858 /* Date.swift */ = {isa = PBXFileReference; lastKnownFileType = sourcecode.swift; path = Date.swift; sourceTree = "<group>"; };
		DA98E95A21EFB17B00B11858 /* CAShapeLayer.swift */ = {isa = PBXFileReference; lastKnownFileType = sourcecode.swift; path = CAShapeLayer.swift; sourceTree = "<group>"; };
		DA98E95D21EFB20C00B11858 /* ProgressShapeLayer.swift */ = {isa = PBXFileReference; lastKnownFileType = sourcecode.swift; path = ProgressShapeLayer.swift; sourceTree = "<group>"; };
		DA98E95F21EFB23200B11858 /* ProgressView.swift */ = {isa = PBXFileReference; lastKnownFileType = sourcecode.swift; path = ProgressView.swift; sourceTree = "<group>"; };
		DA98E96121EFB47600B11858 /* Achievements.swift */ = {isa = PBXFileReference; lastKnownFileType = sourcecode.swift; path = Achievements.swift; sourceTree = "<group>"; };
		DA98E96421EFBAD400B11858 /* AchivementsCell.xib */ = {isa = PBXFileReference; lastKnownFileType = file.xib; path = AchivementsCell.xib; sourceTree = "<group>"; };
		DA9ED5FA2133EA4800FB54FB /* CharacteristicsModel.swift */ = {isa = PBXFileReference; lastKnownFileType = sourcecode.swift; path = CharacteristicsModel.swift; sourceTree = "<group>"; };
		DA9ED5FD2133F53C00FB54FB /* CharacteristicsTableViewController.swift */ = {isa = PBXFileReference; lastKnownFileType = sourcecode.swift; path = CharacteristicsTableViewController.swift; sourceTree = "<group>"; };
		DA9ED5FF2133F69400FB54FB /* CellIdentifiers.swift */ = {isa = PBXFileReference; lastKnownFileType = sourcecode.swift; path = CellIdentifiers.swift; sourceTree = "<group>"; };
		DA9ED6012133F7D900FB54FB /* CharacteristicsCellLevel0.swift */ = {isa = PBXFileReference; lastKnownFileType = sourcecode.swift; path = CharacteristicsCellLevel0.swift; sourceTree = "<group>"; };
		DA9ED6032133F92900FB54FB /* CharacteristicsCellLevel1.swift */ = {isa = PBXFileReference; lastKnownFileType = sourcecode.swift; path = CharacteristicsCellLevel1.swift; sourceTree = "<group>"; };
		DA9ED6092133FCE800FB54FB /* CharacteristicsCellLevel2.swift */ = {isa = PBXFileReference; lastKnownFileType = sourcecode.swift; path = CharacteristicsCellLevel2.swift; sourceTree = "<group>"; };
		DA9ED60B2134176000FB54FB /* DBTables.swift */ = {isa = PBXFileReference; lastKnownFileType = sourcecode.swift; path = DBTables.swift; sourceTree = "<group>"; };
		DAA140C422004A74009221B2 /* Assets.swift */ = {isa = PBXFileReference; lastKnownFileType = sourcecode.swift; path = Assets.swift; sourceTree = "<group>"; };
		DAA97AFF212336C0005AF50F /* WelcomeTableViewController.swift */ = {isa = PBXFileReference; lastKnownFileType = sourcecode.swift; path = WelcomeTableViewController.swift; sourceTree = "<group>"; };
		DAA97B0121233715005AF50F /* WelcomeModel.swift */ = {isa = PBXFileReference; lastKnownFileType = sourcecode.swift; path = WelcomeModel.swift; sourceTree = "<group>"; };
		DAA97B032123396F005AF50F /* WelcomeTableCell.swift */ = {isa = PBXFileReference; lastKnownFileType = sourcecode.swift; path = WelcomeTableCell.swift; sourceTree = "<group>"; };
		DAA97B0521233DAF005AF50F /* DescriptionViewController.swift */ = {isa = PBXFileReference; lastKnownFileType = sourcecode.swift; path = DescriptionViewController.swift; sourceTree = "<group>"; };
		DAA9D747215EA02D009697E8 /* CharacteristicsLevel.swift */ = {isa = PBXFileReference; lastKnownFileType = sourcecode.swift; path = CharacteristicsLevel.swift; sourceTree = "<group>"; };
		DAA9D74A21621DA3009697E8 /* ArticleType.swift */ = {isa = PBXFileReference; lastKnownFileType = sourcecode.swift; path = ArticleType.swift; sourceTree = "<group>"; };
		DAA9D74C21628BDE009697E8 /* NewTestQuestionTableViewController.swift */ = {isa = PBXFileReference; lastKnownFileType = sourcecode.swift; path = NewTestQuestionTableViewController.swift; sourceTree = "<group>"; };
		DAA9D74E21629411009697E8 /* NewTestQuestionCell.swift */ = {isa = PBXFileReference; lastKnownFileType = sourcecode.swift; path = NewTestQuestionCell.swift; sourceTree = "<group>"; };
		DAA9D75121652E1B009697E8 /* SaveListElementsProtocol.swift */ = {isa = PBXFileReference; lastKnownFileType = sourcecode.swift; path = SaveListElementsProtocol.swift; sourceTree = "<group>"; };
		DAA9D753216552F9009697E8 /* NewTestQuestionHederView.swift */ = {isa = PBXFileReference; lastKnownFileType = sourcecode.swift; path = NewTestQuestionHederView.swift; sourceTree = "<group>"; };
		DAA9D7552166419C009697E8 /* NewListInsideHeaderView.swift */ = {isa = PBXFileReference; lastKnownFileType = sourcecode.swift; path = NewListInsideHeaderView.swift; sourceTree = "<group>"; };
		DAA9D7572166501A009697E8 /* ArticleListWithCaptionCell.swift */ = {isa = PBXFileReference; lastKnownFileType = sourcecode.swift; path = ArticleListWithCaptionCell.swift; sourceTree = "<group>"; };
		DAACF04721345C45006FA934 /* GoogleService-Info.plist */ = {isa = PBXFileReference; fileEncoding = 4; lastKnownFileType = text.plist.xml; path = "GoogleService-Info.plist"; sourceTree = "<group>"; };
		DAB5CB182135BA3300B436C2 /* NotesModel.swift */ = {isa = PBXFileReference; lastKnownFileType = sourcecode.swift; path = NotesModel.swift; sourceTree = "<group>"; };
		DAB5CB1A21369A9F00B436C2 /* AboutArticlesModel.swift */ = {isa = PBXFileReference; lastKnownFileType = sourcecode.swift; path = AboutArticlesModel.swift; sourceTree = "<group>"; };
		DAC0AE3321484A4B00FF9D82 /* SegueIdentifiers.swift */ = {isa = PBXFileReference; lastKnownFileType = sourcecode.swift; path = SegueIdentifiers.swift; sourceTree = "<group>"; };
		DAC0AE3521484D1D00FF9D82 /* StorageController.swift */ = {isa = PBXFileReference; lastKnownFileType = sourcecode.swift; path = StorageController.swift; sourceTree = "<group>"; };
		DAC0AE37214850BC00FF9D82 /* FirebaseController.swift */ = {isa = PBXFileReference; lastKnownFileType = sourcecode.swift; path = FirebaseController.swift; sourceTree = "<group>"; };
		DAC124E22125E18C00378DA1 /* CabinetTableViewController.swift */ = {isa = PBXFileReference; lastKnownFileType = sourcecode.swift; path = CabinetTableViewController.swift; sourceTree = "<group>"; };
		DAC124E42125E20500378DA1 /* CabinetModel.swift */ = {isa = PBXFileReference; lastKnownFileType = sourcecode.swift; path = CabinetModel.swift; sourceTree = "<group>"; };
		DAC124E62125E83B00378DA1 /* CabinetCell.swift */ = {isa = PBXFileReference; lastKnownFileType = sourcecode.swift; path = CabinetCell.swift; sourceTree = "<group>"; };
		DAC124E82125ECC500378DA1 /* CabinetSectionView.swift */ = {isa = PBXFileReference; lastKnownFileType = sourcecode.swift; path = CabinetSectionView.swift; sourceTree = "<group>"; };
		DAC124EA2125F88900378DA1 /* CompetenceTableViewController.swift */ = {isa = PBXFileReference; lastKnownFileType = sourcecode.swift; path = CompetenceTableViewController.swift; sourceTree = "<group>"; };
		DAC124EC2125F90500378DA1 /* CompetenceCell.swift */ = {isa = PBXFileReference; lastKnownFileType = sourcecode.swift; path = CompetenceCell.swift; sourceTree = "<group>"; };
		DAC124F02125FDED00378DA1 /* AchievementsTableViewController.swift */ = {isa = PBXFileReference; lastKnownFileType = sourcecode.swift; path = AchievementsTableViewController.swift; sourceTree = "<group>"; };
		DAC124F22125FED800378DA1 /* AchivementsCell.swift */ = {isa = PBXFileReference; lastKnownFileType = sourcecode.swift; path = AchivementsCell.swift; sourceTree = "<group>"; };
		DAC124FA21260FA000378DA1 /* OldNotesTableViewController.swift */ = {isa = PBXFileReference; lastKnownFileType = sourcecode.swift; path = OldNotesTableViewController.swift; sourceTree = "<group>"; };
		DAC124FC212610CB00378DA1 /* OldNotesCell.swift */ = {isa = PBXFileReference; lastKnownFileType = sourcecode.swift; path = OldNotesCell.swift; sourceTree = "<group>"; };
		DAC124FE2126120A00378DA1 /* DetailedNoteViewController.swift */ = {isa = PBXFileReference; lastKnownFileType = sourcecode.swift; path = DetailedNoteViewController.swift; sourceTree = "<group>"; };
		DAC61EB72149299800FB78C6 /* Article.swift */ = {isa = PBXFileReference; lastKnownFileType = sourcecode.swift; path = Article.swift; sourceTree = "<group>"; };
		DAC61EB921492A6000FB78C6 /* ArticleInside.swift */ = {isa = PBXFileReference; lastKnownFileType = sourcecode.swift; path = ArticleInside.swift; sourceTree = "<group>"; };
		DAC61EBB21492AF500FB78C6 /* ArticleInsideType.swift */ = {isa = PBXFileReference; lastKnownFileType = sourcecode.swift; path = ArticleInsideType.swift; sourceTree = "<group>"; };
		DAC61EC521495FC800FB78C6 /* CharacteristicsArticlesTableViewController.swift */ = {isa = PBXFileReference; lastKnownFileType = sourcecode.swift; path = CharacteristicsArticlesTableViewController.swift; sourceTree = "<group>"; };
		DAC61EC72149604500FB78C6 /* CharacteristicsArticlesCell.swift */ = {isa = PBXFileReference; lastKnownFileType = sourcecode.swift; path = CharacteristicsArticlesCell.swift; sourceTree = "<group>"; };
		DAC61EC9214981C900FB78C6 /* NewCharacteristicArticleTableViewController.swift */ = {isa = PBXFileReference; lastKnownFileType = sourcecode.swift; path = NewCharacteristicArticleTableViewController.swift; sourceTree = "<group>"; };
		DAC61ECC21498AB300FB78C6 /* InsideCell.swift */ = {isa = PBXFileReference; lastKnownFileType = sourcecode.swift; path = InsideCell.swift; sourceTree = "<group>"; };
		DAC61ECE214A84D300FB78C6 /* NewCharacteristicsArticleHeaderView.swift */ = {isa = PBXFileReference; lastKnownFileType = sourcecode.swift; path = NewCharacteristicsArticleHeaderView.swift; sourceTree = "<group>"; };
		DAC61ED5214A969700FB78C6 /* TableFooterView.swift */ = {isa = PBXFileReference; lastKnownFileType = sourcecode.swift; path = TableFooterView.swift; sourceTree = "<group>"; };
		DAC61ED7214BB69000FB78C6 /* ActivityIndicator.swift */ = {isa = PBXFileReference; lastKnownFileType = sourcecode.swift; path = ActivityIndicator.swift; sourceTree = "<group>"; };
		DAC61ED9214BD67400FB78C6 /* NewTextInsideViewController.swift */ = {isa = PBXFileReference; lastKnownFileType = sourcecode.swift; path = NewTextInsideViewController.swift; sourceTree = "<group>"; };
		DAC61EDB214BD69500FB78C6 /* NewImageInsideViewController.swift */ = {isa = PBXFileReference; lastKnownFileType = sourcecode.swift; path = NewImageInsideViewController.swift; sourceTree = "<group>"; };
		DAC61EDD214BD6B700FB78C6 /* NewListInsideTableViewController.swift */ = {isa = PBXFileReference; lastKnownFileType = sourcecode.swift; path = NewListInsideTableViewController.swift; sourceTree = "<group>"; };
		DAC61EDF214C196800FB78C6 /* JSONEncoder.swift */ = {isa = PBXFileReference; lastKnownFileType = sourcecode.swift; path = JSONEncoder.swift; sourceTree = "<group>"; };
		DAC61EE1214C1AD500FB78C6 /* Result.swift */ = {isa = PBXFileReference; lastKnownFileType = sourcecode.swift; path = Result.swift; sourceTree = "<group>"; };
		DAC61EE3214C1B4600FB78C6 /* AppError.swift */ = {isa = PBXFileReference; lastKnownFileType = sourcecode.swift; path = AppError.swift; sourceTree = "<group>"; };
		DAC61EE5214C1F9100FB78C6 /* DocumentSnapshot.swift */ = {isa = PBXFileReference; lastKnownFileType = sourcecode.swift; path = DocumentSnapshot.swift; sourceTree = "<group>"; };
		DAC61EE7214C1FFF00FB78C6 /* JSONDecoder.swift */ = {isa = PBXFileReference; lastKnownFileType = sourcecode.swift; path = JSONDecoder.swift; sourceTree = "<group>"; };
		DAC61EE9214C209B00FB78C6 /* Dictionary.swift */ = {isa = PBXFileReference; lastKnownFileType = sourcecode.swift; path = Dictionary.swift; sourceTree = "<group>"; };
		DAC61EEB214C215700FB78C6 /* QuerySnapshot.swift */ = {isa = PBXFileReference; lastKnownFileType = sourcecode.swift; path = QuerySnapshot.swift; sourceTree = "<group>"; };
		DAC61EED214C255700FB78C6 /* AlertDialog.swift */ = {isa = PBXFileReference; lastKnownFileType = sourcecode.swift; path = AlertDialog.swift; sourceTree = "<group>"; };
		DACCC4E821B6CE3700854B26 /* NetworkingController.swift */ = {isa = PBXFileReference; lastKnownFileType = sourcecode.swift; path = NetworkingController.swift; sourceTree = "<group>"; };
		DAD0D1FB21CE521100891C19 /* SubscriptionInformationType.swift */ = {isa = PBXFileReference; lastKnownFileType = sourcecode.swift; path = SubscriptionInformationType.swift; sourceTree = "<group>"; };
		DADEAB2C212458AF0042B564 /* WelcomeFootterXIB.xib */ = {isa = PBXFileReference; lastKnownFileType = file.xib; path = WelcomeFootterXIB.xib; sourceTree = "<group>"; };
		DADEAB2E21246A860042B564 /* WelcomeFootterXIB.swift */ = {isa = PBXFileReference; lastKnownFileType = sourcecode.swift; path = WelcomeFootterXIB.swift; sourceTree = "<group>"; };
		DAE6DF7421527BB8009C9CC3 /* ArticleListCell.swift */ = {isa = PBXFileReference; lastKnownFileType = sourcecode.swift; path = ArticleListCell.swift; sourceTree = "<group>"; };
		DAE6DF7621527C14009C9CC3 /* ArticleInsideUnwrapped.swift */ = {isa = PBXFileReference; lastKnownFileType = sourcecode.swift; path = ArticleInsideUnwrapped.swift; sourceTree = "<group>"; };
		DAE6DF7821527DD9009C9CC3 /* ArticleTextWithCaptionCell.swift */ = {isa = PBXFileReference; lastKnownFileType = sourcecode.swift; path = ArticleTextWithCaptionCell.swift; sourceTree = "<group>"; };
		DAE6DF7A21527E6E009C9CC3 /* ArticleTextCell.swift */ = {isa = PBXFileReference; lastKnownFileType = sourcecode.swift; path = ArticleTextCell.swift; sourceTree = "<group>"; };
		DAE6DF7C21527F25009C9CC3 /* ArticleImageCell.swift */ = {isa = PBXFileReference; lastKnownFileType = sourcecode.swift; path = ArticleImageCell.swift; sourceTree = "<group>"; };
		DAE6DF7E21527FAF009C9CC3 /* ArticleImageWithCaptionCell.swift */ = {isa = PBXFileReference; lastKnownFileType = sourcecode.swift; path = ArticleImageWithCaptionCell.swift; sourceTree = "<group>"; };
		DAE6DF8021528EC3009C9CC3 /* ArticlesPreviewTableViewController.swift */ = {isa = PBXFileReference; lastKnownFileType = sourcecode.swift; path = ArticlesPreviewTableViewController.swift; sourceTree = "<group>"; };
		DAE6DF822152DC33009C9CC3 /* ArticlesPreviewHeaderView.swift */ = {isa = PBXFileReference; lastKnownFileType = sourcecode.swift; path = ArticlesPreviewHeaderView.swift; sourceTree = "<group>"; };
		DAE6DF842152DFAB009C9CC3 /* UITableView.swift */ = {isa = PBXFileReference; lastKnownFileType = sourcecode.swift; path = UITableView.swift; sourceTree = "<group>"; };
		DAEE5179214D857500449FEE /* UITapGestureRecognizer.swift */ = {isa = PBXFileReference; lastKnownFileType = sourcecode.swift; path = UITapGestureRecognizer.swift; sourceTree = "<group>"; };
		DAEE517B214FAAA100449FEE /* StoragePath.swift */ = {isa = PBXFileReference; lastKnownFileType = sourcecode.swift; path = StoragePath.swift; sourceTree = "<group>"; };
		DAEE517D214FAD9B00449FEE /* Data.swift */ = {isa = PBXFileReference; lastKnownFileType = sourcecode.swift; path = Data.swift; sourceTree = "<group>"; };
		DAEE517F214FD4D800449FEE /* ListElementsCell.swift */ = {isa = PBXFileReference; lastKnownFileType = sourcecode.swift; path = ListElementsCell.swift; sourceTree = "<group>"; };
		DAEE5181215025AE00449FEE /* LiteralConsts.swift */ = {isa = PBXFileReference; lastKnownFileType = sourcecode.swift; path = LiteralConsts.swift; sourceTree = "<group>"; };
		DAEE5183215027FF00449FEE /* EditListInsideViewController.swift */ = {isa = PBXFileReference; lastKnownFileType = sourcecode.swift; path = EditListInsideViewController.swift; sourceTree = "<group>"; };
		DAF2A47D219CA05500BC45A6 /* SubscriptionAdviceSchedule.swift */ = {isa = PBXFileReference; lastKnownFileType = sourcecode.swift; path = SubscriptionAdviceSchedule.swift; sourceTree = "<group>"; };
		DAF2A47F219CA62E00BC45A6 /* ScheduleTableViewController.swift */ = {isa = PBXFileReference; lastKnownFileType = sourcecode.swift; path = ScheduleTableViewController.swift; sourceTree = "<group>"; };
		DAF2A481219CA78F00BC45A6 /* AdvicesScheduleCell.swift */ = {isa = PBXFileReference; lastKnownFileType = sourcecode.swift; path = AdvicesScheduleCell.swift; sourceTree = "<group>"; };
		DAF2A483219CB4F000BC45A6 /* MultiSelectSegmentedControl.swift */ = {isa = PBXFileReference; lastKnownFileType = sourcecode.swift; path = MultiSelectSegmentedControl.swift; sourceTree = "<group>"; };
		DAF2A487219CBBF700BC45A6 /* ArticlesScheduleCell.swift */ = {isa = PBXFileReference; lastKnownFileType = sourcecode.swift; path = ArticlesScheduleCell.swift; sourceTree = "<group>"; };
		DAF2A489219CC0AE00BC45A6 /* ArticlesScheduleCell.xib */ = {isa = PBXFileReference; lastKnownFileType = file.xib; path = ArticlesScheduleCell.xib; sourceTree = "<group>"; };
		DAF2A494219ED94200BC45A6 /* ScheduleCellDelegateProtocol.swift */ = {isa = PBXFileReference; lastKnownFileType = sourcecode.swift; path = ScheduleCellDelegateProtocol.swift; sourceTree = "<group>"; };
		DAF2A49A219EF08000BC45A6 /* TimePickerViewController.swift */ = {isa = PBXFileReference; lastKnownFileType = sourcecode.swift; path = TimePickerViewController.swift; sourceTree = "<group>"; };
		DAF2A49C219F14DD00BC45A6 /* TimeSaveDelegateProtocol.swift */ = {isa = PBXFileReference; lastKnownFileType = sourcecode.swift; path = TimeSaveDelegateProtocol.swift; sourceTree = "<group>"; };
		DAF2A49E219F350300BC45A6 /* AdvicesScheduleCell.xib */ = {isa = PBXFileReference; lastKnownFileType = file.xib; path = AdvicesScheduleCell.xib; sourceTree = "<group>"; };
		DAF89020223FD17E00399782 /* ArticleNotes.swift */ = {isa = PBXFileReference; lastKnownFileType = sourcecode.swift; path = ArticleNotes.swift; sourceTree = "<group>"; };
		DAF89023223FF7BB00399782 /* ArticleNoteViewController.swift */ = {isa = PBXFileReference; lastKnownFileType = sourcecode.swift; path = ArticleNoteViewController.swift; sourceTree = "<group>"; };
/* End PBXFileReference section */

/* Begin PBXFrameworksBuildPhase section */
		DA68CD59212312D000AE8515 /* Frameworks */ = {
			isa = PBXFrameworksBuildPhase;
			buildActionMask = 2147483647;
			files = (
				557D3715C2EA4660FED5D13B /* Pods_BusarovaCoaching.framework in Frameworks */,
			);
			runOnlyForDeploymentPostprocessing = 0;
		};
/* End PBXFrameworksBuildPhase section */

/* Begin PBXGroup section */
		4E907D3CE40DD9E4C1032357 /* Pods */ = {
			isa = PBXGroup;
			children = (
				5868065F6968F58F8DEBB8E1 /* Pods-BusarovaCoaching.debug.xcconfig */,
				7D348FDAB9D9C3649F079096 /* Pods-BusarovaCoaching.release.xcconfig */,
			);
			name = Pods;
			sourceTree = "<group>";
		};
		55C22043A4CB8A121F3FAD9B /* Frameworks */ = {
			isa = PBXGroup;
			children = (
				61BAA6AABAAC7B1CCC410EA2 /* Pods_BusarovaCoaching.framework */,
			);
			name = Frameworks;
			sourceTree = "<group>";
		};
		DA0637942178BE2B00A854B8 /* System */ = {
			isa = PBXGroup;
			children = (
				DA68CD5F212312D000AE8515 /* AppDelegate.swift */,
				DA0637952178BE4300A854B8 /* AppManager.swift */,
			);
			path = System;
			sourceTree = "<group>";
		};
		DA167D0921342FF5001A9A84 /* Controllers */ = {
			isa = PBXGroup;
			children = (
				DA167D0A2134300F001A9A84 /* DataController.swift */,
				DAC0AE3521484D1D00FF9D82 /* StorageController.swift */,
				DAC0AE37214850BC00FF9D82 /* FirebaseController.swift */,
				DA30394F217E4FE3005EC94E /* KeychainController.swift */,
				DA98A3DF21A5E61E007ED40D /* CoreDataManager.swift */,
				DACCC4E821B6CE3700854B26 /* NetworkingController.swift */,
				DA6E5BD921B979C2003CBB2B /* NotificationsController.swift */,
			);
			path = Controllers;
			sourceTree = "<group>";
		};
		DA19AA752191B3DC0049168A /* Auxiliary */ = {
			isa = PBXGroup;
			children = (
				DA19AA762191B4770049168A /* DayOfWeek.swift */,
			);
			path = Auxiliary;
			sourceTree = "<group>";
		};
		DA27E23E21EA1A9D00C74A8F /* Xib */ = {
			isa = PBXGroup;
			children = (
				DA2AF07A21EA17C800FCF72B /* SubmitAnswersView.xib */,
				DA27E23F21ECB6A300C74A8F /* QuestionView.xib */,
			);
			path = Xib;
			sourceTree = "<group>";
		};
		DA2AF07121E7996500FCF72B /* AnswerQuestions */ = {
			isa = PBXGroup;
			children = (
				DA27E23E21EA1A9D00C74A8F /* Xib */,
				DA2AF07221E79C7400FCF72B /* AnswerQuestionsTableViewController.swift */,
				DA2AF07421E7A21B00FCF72B /* AnswersCell.swift */,
				DA2AF07621E9360000FCF72B /* QuestionView.swift */,
				DA2AF07821E946C700FCF72B /* SubmitAnswersView.swift */,
			);
			path = AnswerQuestions;
			sourceTree = "<group>";
		};
		DA41D1BA2178B251001266AB /* Authorization */ = {
			isa = PBXGroup;
			children = (
				DA303949217DFF72005EC94E /* AuthorizationViewController.swift */,
			);
			path = Authorization;
			sourceTree = "<group>";
		};
		DA4E7323215121BA00CBA453 /* Articles */ = {
			isa = PBXGroup;
			children = (
				DAF89022223FF76700399782 /* Notes */,
				DA2AF07121E7996500FCF72B /* AnswerQuestions */,
				DAE6DF8021528EC3009C9CC3 /* ArticlesPreviewTableViewController.swift */,
				DAE6DF7C21527F25009C9CC3 /* ArticleImageCell.swift */,
				DAE6DF7E21527FAF009C9CC3 /* ArticleImageWithCaptionCell.swift */,
				DAE6DF7421527BB8009C9CC3 /* ArticleListCell.swift */,
				DAA9D7572166501A009697E8 /* ArticleListWithCaptionCell.swift */,
				DAE6DF7A21527E6E009C9CC3 /* ArticleTextCell.swift */,
				DAE6DF7821527DD9009C9CC3 /* ArticleTextWithCaptionCell.swift */,
				DAE6DF822152DC33009C9CC3 /* ArticlesPreviewHeaderView.swift */,
			);
			path = Articles;
			sourceTree = "<group>";
		};
		DA5A553A21243B3100B7153E /* SupportingFiles */ = {
			isa = PBXGroup;
			children = (
				DAA9D75021652E0F009697E8 /* Protocols */,
				DAA9D74921621D83009697E8 /* Identifiers */,
				DAC61EEF214C3AC100FB78C6 /* Helpers */,
				DAC61ED2214A953000FB78C6 /* Extentions */,
				DAC61EBD21492B2000FB78C6 /* Enums */,
			);
			path = SupportingFiles;
			sourceTree = "<group>";
		};
		DA68CD53212312CF00AE8515 = {
			isa = PBXGroup;
			children = (
				DA98A3E121A5E71F007ED40D /* CoreData */,
				DA68CD5E212312D000AE8515 /* BusarovaCoaching */,
				DA68CD5D212312D000AE8515 /* Products */,
				4E907D3CE40DD9E4C1032357 /* Pods */,
				55C22043A4CB8A121F3FAD9B /* Frameworks */,
			);
			sourceTree = "<group>";
		};
		DA68CD5D212312D000AE8515 /* Products */ = {
			isa = PBXGroup;
			children = (
				DA68CD5C212312D000AE8515 /* ru.busarova.Karierist.app */,
			);
			name = Products;
			sourceTree = "<group>";
		};
		DA68CD5E212312D000AE8515 /* BusarovaCoaching */ = {
			isa = PBXGroup;
			children = (
				DA98A3DE21A2E984007ED40D /* ru.busarova.Karierist.entitlements */,
				DA167D0921342FF5001A9A84 /* Controllers */,
				DA4E7323215121BA00CBA453 /* Articles */,
				DA9ED5FC2133F51B00FB54FB /* Characteristics */,
				DA9ED5F92133EA3000FB54FB /* Models */,
				DAC124E12125E17100378DA1 /* Cabinet */,
				DAA97AFE21233655005AF50F /* About */,
				DAF890252242585E00399782 /* Notes */,
				DA41D1BA2178B251001266AB /* Authorization */,
				DA5A553A21243B3100B7153E /* SupportingFiles */,
				DA0637942178BE2B00A854B8 /* System */,
				DA68CD63212312D000AE8515 /* Main.storyboard */,
				DA68CD66212312D000AE8515 /* Assets.xcassets */,
				DA68CD68212312D000AE8515 /* LaunchScreen.storyboard */,
				DA68CD6B212312D000AE8515 /* Info.plist */,
				DAACF04721345C45006FA934 /* GoogleService-Info.plist */,
			);
			path = BusarovaCoaching;
			sourceTree = "<group>";
		};
		DA6E5BDB21B99B71003CBB2B /* Pushes */ = {
			isa = PBXGroup;
			children = (
				DA6E5BDC21B99B91003CBB2B /* WaitingAdvicePushes.swift */,
				DA6E5BDE21B99C13003CBB2B /* SentAdvicePushes.swift */,
				DA6E5BE221B99CFC003CBB2B /* WaitingArticlePushes.swift */,
				DA6E5BE021B99CB9003CBB2B /* SentArticlePushes.swift */,
			);
			path = Pushes;
			sourceTree = "<group>";
		};
		DA6E5BE421B9A9EA003CBB2B /* Advices+Articles */ = {
			isa = PBXGroup;
			children = (
				DA6E5BE521B9AA6A003CBB2B /* ListOfReceivedArticlesAndAdvices.swift */,
				DA81DA76216BF40800D33388 /* ListOfAdvicesCell.swift */,
				DA6E5BE721B9AC72003CBB2B /* ListOfArticlesCell.swift */,
			);
			path = "Advices+Articles";
			sourceTree = "<group>";
		};
		DA81DA6E216B883200D33388 /* New Advice */ = {
			isa = PBXGroup;
			children = (
				DA81DA6F216B885200D33388 /* NewAdviceViewController.swift */,
			);
			path = "New Advice";
			sourceTree = "<group>";
		};
		DA98A3E121A5E71F007ED40D /* CoreData */ = {
			isa = PBXGroup;
			children = (
				DA6E5BD221B92BB6003CBB2B /* CoreData.xcdatamodeld */,
			);
			path = CoreData;
			sourceTree = "<group>";
		};
		DA98A3ED21A6BC58007ED40D /* Operations */ = {
			isa = PBXGroup;
			children = (
				DA98A3EE21A6BC68007ED40D /* AsyncOperation.swift */,
				DA98A3F021A6BC83007ED40D /* BaseOperation.swift */,
			);
			path = Operations;
			sourceTree = "<group>";
		};
		DA98E95C21EFB1F400B11858 /* ProgressView */ = {
			isa = PBXGroup;
			children = (
				DA98E95D21EFB20C00B11858 /* ProgressShapeLayer.swift */,
				DA98E95F21EFB23200B11858 /* ProgressView.swift */,
			);
			path = ProgressView;
			sourceTree = "<group>";
		};
		DA98E96321EFBAC100B11858 /* Xib */ = {
			isa = PBXGroup;
			children = (
				DA98E96421EFBAD400B11858 /* AchivementsCell.xib */,
			);
			path = Xib;
			sourceTree = "<group>";
		};
		DA9ED5F92133EA3000FB54FB /* Models */ = {
			isa = PBXGroup;
			children = (
				DA6E5BDB21B99B71003CBB2B /* Pushes */,
				DA19AA752191B3DC0049168A /* Auxiliary */,
				DA9ED5FA2133EA4800FB54FB /* CharacteristicsModel.swift */,
				DAB5CB182135BA3300B436C2 /* NotesModel.swift */,
				DAB5CB1A21369A9F00B436C2 /* AboutArticlesModel.swift */,
				DAC61EB72149299800FB78C6 /* Article.swift */,
				DAC61EB921492A6000FB78C6 /* ArticleInside.swift */,
				DAE6DF7621527C14009C9CC3 /* ArticleInsideUnwrapped.swift */,
				DA30394B217E4057005EC94E /* User.swift */,
				DA19AA782191DD320049168A /* SubscriptionArticleSchedule.swift */,
				DAF2A47D219CA05500BC45A6 /* SubscriptionAdviceSchedule.swift */,
				DA27E24121ECFC0C00C74A8F /* PassedQuestions.swift */,
				DA98E96121EFB47600B11858 /* Achievements.swift */,
				DAF89020223FD17E00399782 /* ArticleNotes.swift */,
			);
			path = Models;
			sourceTree = "<group>";
		};
		DA9ED5FC2133F51B00FB54FB /* Characteristics */ = {
			isa = PBXGroup;
			children = (
				DAC61EC421495FA500FB78C6 /* Articles */,
				DA9ED5FD2133F53C00FB54FB /* CharacteristicsTableViewController.swift */,
				DA9ED6012133F7D900FB54FB /* CharacteristicsCellLevel0.swift */,
				DA9ED6032133F92900FB54FB /* CharacteristicsCellLevel1.swift */,
				DA9ED6092133FCE800FB54FB /* CharacteristicsCellLevel2.swift */,
			);
			path = Characteristics;
			sourceTree = "<group>";
		};
		DAA97AFE21233655005AF50F /* About */ = {
			isa = PBXGroup;
			children = (
				DAA97AFF212336C0005AF50F /* WelcomeTableViewController.swift */,
				DAA97B0121233715005AF50F /* WelcomeModel.swift */,
				DAA97B032123396F005AF50F /* WelcomeTableCell.swift */,
				DAA97B0521233DAF005AF50F /* DescriptionViewController.swift */,
				DADEAB2C212458AF0042B564 /* WelcomeFootterXIB.xib */,
				DADEAB2E21246A860042B564 /* WelcomeFootterXIB.swift */,
			);
			path = About;
			sourceTree = "<group>";
		};
		DAA9D74921621D83009697E8 /* Identifiers */ = {
			isa = PBXGroup;
			children = (
				DA9ED5FF2133F69400FB54FB /* CellIdentifiers.swift */,
				DA9ED60B2134176000FB54FB /* DBTables.swift */,
				DAC0AE3321484A4B00FF9D82 /* SegueIdentifiers.swift */,
				DAEE517B214FAAA100449FEE /* StoragePath.swift */,
				DA303953217E5C05005EC94E /* StoryboardIdentifiers.swift */,
			);
			path = Identifiers;
			sourceTree = "<group>";
		};
		DAA9D75021652E0F009697E8 /* Protocols */ = {
			isa = PBXGroup;
			children = (
				DAA9D75121652E1B009697E8 /* SaveListElementsProtocol.swift */,
				DA19AA7321909A230049168A /* CharacteristicsCellProtocol.swift */,
				DAF2A494219ED94200BC45A6 /* ScheduleCellDelegateProtocol.swift */,
				DAF2A49C219F14DD00BC45A6 /* TimeSaveDelegateProtocol.swift */,
			);
			path = Protocols;
			sourceTree = "<group>";
		};
		DAC124E12125E17100378DA1 /* Cabinet */ = {
			isa = PBXGroup;
			children = (
				DAC124EF2125FDCD00378DA1 /* Achivements */,
				DAC124F42126071D00378DA1 /* Schedule */,
				DAC124EE2125FDBC00378DA1 /* Competence */,
				DAC124F921260F8300378DA1 /* Notes */,
				DAC124E22125E18C00378DA1 /* CabinetTableViewController.swift */,
				DAC124E42125E20500378DA1 /* CabinetModel.swift */,
				DAC124E62125E83B00378DA1 /* CabinetCell.swift */,
				DAC124E82125ECC500378DA1 /* CabinetSectionView.swift */,
			);
			path = Cabinet;
			sourceTree = "<group>";
		};
		DAC124EE2125FDBC00378DA1 /* Competence */ = {
			isa = PBXGroup;
			children = (
				DA6E5BE421B9A9EA003CBB2B /* Advices+Articles */,
				DAC124EA2125F88900378DA1 /* CompetenceTableViewController.swift */,
				DAC124EC2125F90500378DA1 /* CompetenceCell.swift */,
			);
			path = Competence;
			sourceTree = "<group>";
		};
		DAC124EF2125FDCD00378DA1 /* Achivements */ = {
			isa = PBXGroup;
			children = (
				DA98E96321EFBAC100B11858 /* Xib */,
				DAC124F02125FDED00378DA1 /* AchievementsTableViewController.swift */,
				DAC124F22125FED800378DA1 /* AchivementsCell.swift */,
			);
			path = Achivements;
			sourceTree = "<group>";
		};
		DAC124F42126071D00378DA1 /* Schedule */ = {
			isa = PBXGroup;
			children = (
				DAF2A48B219DCBD200BC45A6 /* Xib */,
				DAF2A47F219CA62E00BC45A6 /* ScheduleTableViewController.swift */,
				DAF2A481219CA78F00BC45A6 /* AdvicesScheduleCell.swift */,
				DAF2A487219CBBF700BC45A6 /* ArticlesScheduleCell.swift */,
				DAF2A49A219EF08000BC45A6 /* TimePickerViewController.swift */,
			);
			path = Schedule;
			sourceTree = "<group>";
		};
		DAC124F921260F8300378DA1 /* Notes */ = {
			isa = PBXGroup;
			children = (
				DAC124FA21260FA000378DA1 /* OldNotesTableViewController.swift */,
				DAC124FE2126120A00378DA1 /* DetailedNoteViewController.swift */,
				DAC124FC212610CB00378DA1 /* OldNotesCell.swift */,
			);
			path = Notes;
			sourceTree = "<group>";
		};
		DAC61EBD21492B2000FB78C6 /* Enums */ = {
			isa = PBXGroup;
			children = (
				DAC61EE1214C1AD500FB78C6 /* Result.swift */,
				DAEE5181215025AE00449FEE /* LiteralConsts.swift */,
				DAA9D747215EA02D009697E8 /* CharacteristicsLevel.swift */,
				DAC61EBB21492AF500FB78C6 /* ArticleInsideType.swift */,
				DAA9D74A21621DA3009697E8 /* ArticleType.swift */,
				DA303955217F2BDB005EC94E /* UserRole.swift */,
				DAD0D1FB21CE521100891C19 /* SubscriptionInformationType.swift */,
				DAA140C422004A74009221B2 /* Assets.swift */,
				DA358645222168BB0057405C /* TabsSequence.swift */,
			);
			path = Enums;
			sourceTree = "<group>";
		};
		DAC61EC421495FA500FB78C6 /* Articles */ = {
			isa = PBXGroup;
			children = (
				DA81DA6E216B883200D33388 /* New Advice */,
				DAC61ECB2149838200FB78C6 /* New Article */,
				DAC61EC521495FC800FB78C6 /* CharacteristicsArticlesTableViewController.swift */,
				DAC61EC72149604500FB78C6 /* CharacteristicsArticlesCell.swift */,
			);
			path = Articles;
			sourceTree = "<group>";
		};
		DAC61ECB2149838200FB78C6 /* New Article */ = {
			isa = PBXGroup;
			children = (
				DAC61EC9214981C900FB78C6 /* NewCharacteristicArticleTableViewController.swift */,
				DAC61ECC21498AB300FB78C6 /* InsideCell.swift */,
				DAC61ECE214A84D300FB78C6 /* NewCharacteristicsArticleHeaderView.swift */,
				DAC61ED9214BD67400FB78C6 /* NewTextInsideViewController.swift */,
				DAC61EDB214BD69500FB78C6 /* NewImageInsideViewController.swift */,
				DAC61EDD214BD6B700FB78C6 /* NewListInsideTableViewController.swift */,
				DAA9D7552166419C009697E8 /* NewListInsideHeaderView.swift */,
				DAEE517F214FD4D800449FEE /* ListElementsCell.swift */,
				DAEE5183215027FF00449FEE /* EditListInsideViewController.swift */,
				DAA9D74C21628BDE009697E8 /* NewTestQuestionTableViewController.swift */,
				DAA9D74E21629411009697E8 /* NewTestQuestionCell.swift */,
				DAA9D753216552F9009697E8 /* NewTestQuestionHederView.swift */,
			);
			path = "New Article";
			sourceTree = "<group>";
		};
		DAC61ED2214A953000FB78C6 /* Extentions */ = {
			isa = PBXGroup;
			children = (
				DAC61EE9214C209B00FB78C6 /* Dictionary.swift */,
				DAC61EDF214C196800FB78C6 /* JSONEncoder.swift */,
				DAC61EE7214C1FFF00FB78C6 /* JSONDecoder.swift */,
				DAC61EE5214C1F9100FB78C6 /* DocumentSnapshot.swift */,
				DAC61EEB214C215700FB78C6 /* QuerySnapshot.swift */,
				DAEE5179214D857500449FEE /* UITapGestureRecognizer.swift */,
				DAEE517D214FAD9B00449FEE /* Data.swift */,
				DAE6DF842152DFAB009C9CC3 /* UITableView.swift */,
				DA30394D217E465E005EC94E /* String.swift */,
				DA98A3E921A6BC2D007ED40D /* DispatchQueue.swift */,
				DA98A3EB21A6BC41007ED40D /* QualityOfService.swift */,
				DA3E25E021AEE82E00CBF1B2 /* NSManagedObjectContext.swift */,
				DA98E95821EF779800B11858 /* Date.swift */,
				DA98E95A21EFB17B00B11858 /* CAShapeLayer.swift */,
			);
			path = Extentions;
			sourceTree = "<group>";
		};
		DAC61EEF214C3AC100FB78C6 /* Helpers */ = {
			isa = PBXGroup;
			children = (
				DA98E95C21EFB1F400B11858 /* ProgressView */,
				DA98A3ED21A6BC58007ED40D /* Operations */,
				DA5A553B21243B4D00B7153E /* CheckBoxButton.swift */,
				DAC61ED5214A969700FB78C6 /* TableFooterView.swift */,
				DAC61ED7214BB69000FB78C6 /* ActivityIndicator.swift */,
				DAC61EE3214C1B4600FB78C6 /* AppError.swift */,
				DAC61EED214C255700FB78C6 /* AlertDialog.swift */,
				DAF2A483219CB4F000BC45A6 /* MultiSelectSegmentedControl.swift */,
			);
			path = Helpers;
			sourceTree = "<group>";
		};
		DAF2A48B219DCBD200BC45A6 /* Xib */ = {
			isa = PBXGroup;
			children = (
				DAF2A489219CC0AE00BC45A6 /* ArticlesScheduleCell.xib */,
				DAF2A49E219F350300BC45A6 /* AdvicesScheduleCell.xib */,
			);
			path = Xib;
			sourceTree = "<group>";
		};
		DAF89022223FF76700399782 /* Notes */ = {
			isa = PBXGroup;
			children = (
				DAF89023223FF7BB00399782 /* ArticleNoteViewController.swift */,
			);
			path = Notes;
			sourceTree = "<group>";
		};
		DAF890252242585E00399782 /* Notes */ = {
			isa = PBXGroup;
			children = (
				DA52AC6B22425DA20014C52D /* NotesTableViewController.swift */,
				DA52AC6D22425E7D0014C52D /* NotesCell.swift */,
			);
			path = Notes;
			sourceTree = "<group>";
		};
/* End PBXGroup section */

/* Begin PBXNativeTarget section */
		DA68CD5B212312D000AE8515 /* BusarovaCoaching */ = {
			isa = PBXNativeTarget;
			buildConfigurationList = DA68CD6E212312D000AE8515 /* Build configuration list for PBXNativeTarget "BusarovaCoaching" */;
			buildPhases = (
				AECD3B61C1BEAA2A242F2459 /* [CP] Check Pods Manifest.lock */,
				DA68CD58212312D000AE8515 /* Sources */,
				DA68CD59212312D000AE8515 /* Frameworks */,
				DA68CD5A212312D000AE8515 /* Resources */,
				899952C34D526051302AF97A /* [CP] Embed Pods Frameworks */,
			);
			buildRules = (
			);
			dependencies = (
			);
			name = BusarovaCoaching;
			productName = BusarovaCoaching;
			productReference = DA68CD5C212312D000AE8515 /* ru.busarova.Karierist.app */;
			productType = "com.apple.product-type.application";
		};
/* End PBXNativeTarget section */

/* Begin PBXProject section */
		DA68CD54212312CF00AE8515 /* Project object */ = {
			isa = PBXProject;
			attributes = {
				LastSwiftUpdateCheck = 0940;
				LastUpgradeCheck = 0940;
				ORGANIZATIONNAME = "The Homber Team";
				TargetAttributes = {
					DA68CD5B212312D000AE8515 = {
						CreatedOnToolsVersion = 9.4.1;
						LastSwiftMigration = 1020;
						SystemCapabilities = {
							com.apple.BackgroundModes = {
								enabled = 1;
							};
							com.apple.Push = {
								enabled = 1;
							};
						};
					};
				};
			};
			buildConfigurationList = DA68CD57212312CF00AE8515 /* Build configuration list for PBXProject "BusarovaCoaching" */;
			compatibilityVersion = "Xcode 9.3";
			developmentRegion = en;
			hasScannedForEncodings = 0;
			knownRegions = (
				en,
				Base,
			);
			mainGroup = DA68CD53212312CF00AE8515;
			productRefGroup = DA68CD5D212312D000AE8515 /* Products */;
			projectDirPath = "";
			projectRoot = "";
			targets = (
				DA68CD5B212312D000AE8515 /* BusarovaCoaching */,
			);
		};
/* End PBXProject section */

/* Begin PBXResourcesBuildPhase section */
		DA68CD5A212312D000AE8515 /* Resources */ = {
			isa = PBXResourcesBuildPhase;
			buildActionMask = 2147483647;
			files = (
				DA68CD6A212312D000AE8515 /* LaunchScreen.storyboard in Resources */,
				DA98E96521EFBAD400B11858 /* AchivementsCell.xib in Resources */,
				DA68CD67212312D000AE8515 /* Assets.xcassets in Resources */,
				DAACF04821345C45006FA934 /* GoogleService-Info.plist in Resources */,
				DA68CD65212312D000AE8515 /* Main.storyboard in Resources */,
				DA2AF07B21EA17C800FCF72B /* SubmitAnswersView.xib in Resources */,
				DA27E24021ECB6A300C74A8F /* QuestionView.xib in Resources */,
				DADEAB2D212458AF0042B564 /* WelcomeFootterXIB.xib in Resources */,
				DAF2A48A219CC0AE00BC45A6 /* ArticlesScheduleCell.xib in Resources */,
				DAF2A49F219F350300BC45A6 /* AdvicesScheduleCell.xib in Resources */,
			);
			runOnlyForDeploymentPostprocessing = 0;
		};
/* End PBXResourcesBuildPhase section */

/* Begin PBXShellScriptBuildPhase section */
		899952C34D526051302AF97A /* [CP] Embed Pods Frameworks */ = {
			isa = PBXShellScriptBuildPhase;
			buildActionMask = 2147483647;
			files = (
			);
			inputPaths = (
				"${SRCROOT}/Pods/Target Support Files/Pods-BusarovaCoaching/Pods-BusarovaCoaching-frameworks.sh",
				"${BUILT_PRODUCTS_DIR}/BoringSSL-GRPC/openssl_grpc.framework",
				"${BUILT_PRODUCTS_DIR}/GTMSessionFetcher/GTMSessionFetcher.framework",
				"${BUILT_PRODUCTS_DIR}/GoogleUtilities/GoogleUtilities.framework",
				"${BUILT_PRODUCTS_DIR}/Kingfisher/Kingfisher.framework",
				"${BUILT_PRODUCTS_DIR}/Protobuf/Protobuf.framework",
				"${BUILT_PRODUCTS_DIR}/YoutubePlayerView/YoutubePlayerView.framework",
				"${BUILT_PRODUCTS_DIR}/gRPC-C++/grpcpp.framework",
				"${BUILT_PRODUCTS_DIR}/gRPC-Core/grpc.framework",
				"${BUILT_PRODUCTS_DIR}/leveldb-library/leveldb.framework",
				"${BUILT_PRODUCTS_DIR}/nanopb/nanopb.framework",
			);
			name = "[CP] Embed Pods Frameworks";
			outputPaths = (
				"${TARGET_BUILD_DIR}/${FRAMEWORKS_FOLDER_PATH}/openssl_grpc.framework",
				"${TARGET_BUILD_DIR}/${FRAMEWORKS_FOLDER_PATH}/GTMSessionFetcher.framework",
				"${TARGET_BUILD_DIR}/${FRAMEWORKS_FOLDER_PATH}/GoogleUtilities.framework",
				"${TARGET_BUILD_DIR}/${FRAMEWORKS_FOLDER_PATH}/Kingfisher.framework",
				"${TARGET_BUILD_DIR}/${FRAMEWORKS_FOLDER_PATH}/Protobuf.framework",
				"${TARGET_BUILD_DIR}/${FRAMEWORKS_FOLDER_PATH}/YoutubePlayerView.framework",
				"${TARGET_BUILD_DIR}/${FRAMEWORKS_FOLDER_PATH}/grpcpp.framework",
				"${TARGET_BUILD_DIR}/${FRAMEWORKS_FOLDER_PATH}/grpc.framework",
				"${TARGET_BUILD_DIR}/${FRAMEWORKS_FOLDER_PATH}/leveldb.framework",
				"${TARGET_BUILD_DIR}/${FRAMEWORKS_FOLDER_PATH}/nanopb.framework",
			);
			runOnlyForDeploymentPostprocessing = 0;
			shellPath = /bin/sh;
			shellScript = "\"${SRCROOT}/Pods/Target Support Files/Pods-BusarovaCoaching/Pods-BusarovaCoaching-frameworks.sh\"\n";
			showEnvVarsInLog = 0;
		};
		AECD3B61C1BEAA2A242F2459 /* [CP] Check Pods Manifest.lock */ = {
			isa = PBXShellScriptBuildPhase;
			buildActionMask = 2147483647;
			files = (
			);
			inputPaths = (
				"${PODS_PODFILE_DIR_PATH}/Podfile.lock",
				"${PODS_ROOT}/Manifest.lock",
			);
			name = "[CP] Check Pods Manifest.lock";
			outputPaths = (
				"$(DERIVED_FILE_DIR)/Pods-BusarovaCoaching-checkManifestLockResult.txt",
			);
			runOnlyForDeploymentPostprocessing = 0;
			shellPath = /bin/sh;
			shellScript = "diff \"${PODS_PODFILE_DIR_PATH}/Podfile.lock\" \"${PODS_ROOT}/Manifest.lock\" > /dev/null\nif [ $? != 0 ] ; then\n    # print error to STDERR\n    echo \"error: The sandbox is not in sync with the Podfile.lock. Run 'pod install' or update your CocoaPods installation.\" >&2\n    exit 1\nfi\n# This output is used by Xcode 'outputs' to avoid re-running this script phase.\necho \"SUCCESS\" > \"${SCRIPT_OUTPUT_FILE_0}\"\n";
			showEnvVarsInLog = 0;
		};
/* End PBXShellScriptBuildPhase section */

/* Begin PBXSourcesBuildPhase section */
		DA68CD58212312D000AE8515 /* Sources */ = {
			isa = PBXSourcesBuildPhase;
			buildActionMask = 2147483647;
			files = (
				DAC124FD212610CB00378DA1 /* OldNotesCell.swift in Sources */,
				DA30394E217E465E005EC94E /* String.swift in Sources */,
				DAC61EDA214BD67400FB78C6 /* NewTextInsideViewController.swift in Sources */,
				DAC124F12125FDED00378DA1 /* AchievementsTableViewController.swift in Sources */,
				DAC61EE6214C1F9100FB78C6 /* DocumentSnapshot.swift in Sources */,
				DAB5CB192135BA3300B436C2 /* NotesModel.swift in Sources */,
				DA6E5BE621B9AA6A003CBB2B /* ListOfReceivedArticlesAndAdvices.swift in Sources */,
				DAA9D74D21628BDE009697E8 /* NewTestQuestionTableViewController.swift in Sources */,
				DAE6DF7D21527F25009C9CC3 /* ArticleImageCell.swift in Sources */,
				DA30394A217DFF72005EC94E /* AuthorizationViewController.swift in Sources */,
				DAC61EBC21492AF500FB78C6 /* ArticleInsideType.swift in Sources */,
				DA9ED6042133F92900FB54FB /* CharacteristicsCellLevel1.swift in Sources */,
				DA5A553C21243B4D00B7153E /* CheckBoxButton.swift in Sources */,
				DAA9D74B21621DA3009697E8 /* ArticleType.swift in Sources */,
				DA9ED60C2134176000FB54FB /* DBTables.swift in Sources */,
				DA98A3EF21A6BC68007ED40D /* AsyncOperation.swift in Sources */,
				DAC61EE4214C1B4600FB78C6 /* AppError.swift in Sources */,
				DAC61ED6214A969700FB78C6 /* TableFooterView.swift in Sources */,
				DAC124E72125E83B00378DA1 /* CabinetCell.swift in Sources */,
				DA9ED5FB2133EA4800FB54FB /* CharacteristicsModel.swift in Sources */,
				DAF2A495219ED94200BC45A6 /* ScheduleCellDelegateProtocol.swift in Sources */,
				DA6E5BDD21B99B91003CBB2B /* WaitingAdvicePushes.swift in Sources */,
				DAC61EDC214BD69500FB78C6 /* NewImageInsideViewController.swift in Sources */,
				DAA9D75221652E1B009697E8 /* SaveListElementsProtocol.swift in Sources */,
				DAC124FF2126120A00378DA1 /* DetailedNoteViewController.swift in Sources */,
				DAC61EE2214C1AD500FB78C6 /* Result.swift in Sources */,
				DAC61EEE214C255700FB78C6 /* AlertDialog.swift in Sources */,
				DAC124E32125E18C00378DA1 /* CabinetTableViewController.swift in Sources */,
				DAE6DF7B21527E6E009C9CC3 /* ArticleTextCell.swift in Sources */,
				DAC61ECA214981C900FB78C6 /* NewCharacteristicArticleTableViewController.swift in Sources */,
				DAA9D74F21629411009697E8 /* NewTestQuestionCell.swift in Sources */,
				DAC61EEC214C215700FB78C6 /* QuerySnapshot.swift in Sources */,
				DAF2A49B219EF08000BC45A6 /* TimePickerViewController.swift in Sources */,
				DAEE5182215025AE00449FEE /* LiteralConsts.swift in Sources */,
				DAC61ECD21498AB300FB78C6 /* InsideCell.swift in Sources */,
				DA19AA7421909A230049168A /* CharacteristicsCellProtocol.swift in Sources */,
				DA52AC6E22425E7D0014C52D /* NotesCell.swift in Sources */,
				DAF2A482219CA78F00BC45A6 /* AdvicesScheduleCell.swift in Sources */,
				DAC61ECF214A84D300FB78C6 /* NewCharacteristicsArticleHeaderView.swift in Sources */,
				DAE6DF852152DFAB009C9CC3 /* UITableView.swift in Sources */,
				DA2AF07521E7A21B00FCF72B /* AnswersCell.swift in Sources */,
				DAC61EEA214C209B00FB78C6 /* Dictionary.swift in Sources */,
				DAA97B042123396F005AF50F /* WelcomeTableCell.swift in Sources */,
				DAF89021223FD17E00399782 /* ArticleNotes.swift in Sources */,
				DAE6DF7F21527FAF009C9CC3 /* ArticleImageWithCaptionCell.swift in Sources */,
				DACCC4E921B6CE3700854B26 /* NetworkingController.swift in Sources */,
				DA98E95E21EFB20C00B11858 /* ProgressShapeLayer.swift in Sources */,
				DA98A3EC21A6BC41007ED40D /* QualityOfService.swift in Sources */,
				DAF2A47E219CA05500BC45A6 /* SubscriptionAdviceSchedule.swift in Sources */,
				DAC61ED8214BB69000FB78C6 /* ActivityIndicator.swift in Sources */,
				DA81DA70216B885200D33388 /* NewAdviceViewController.swift in Sources */,
				DA6E5BDF21B99C13003CBB2B /* SentAdvicePushes.swift in Sources */,
				DAC61EE8214C1FFF00FB78C6 /* JSONDecoder.swift in Sources */,
				DA81DA77216BF40800D33388 /* ListOfAdvicesCell.swift in Sources */,
				DAEE517C214FAAA100449FEE /* StoragePath.swift in Sources */,
				DA98E96021EFB23200B11858 /* ProgressView.swift in Sources */,
				DAA9D7582166501A009697E8 /* ArticleListWithCaptionCell.swift in Sources */,
				DAF2A488219CBBF700BC45A6 /* ArticlesScheduleCell.swift in Sources */,
				DA27E24221ECFC0C00C74A8F /* PassedQuestions.swift in Sources */,
				DA167D0B2134300F001A9A84 /* DataController.swift in Sources */,
				DAA9D748215EA02D009697E8 /* CharacteristicsLevel.swift in Sources */,
				DAC61EB82149299800FB78C6 /* Article.swift in Sources */,
				DAC124E92125ECC500378DA1 /* CabinetSectionView.swift in Sources */,
				DAC0AE38214850BC00FF9D82 /* FirebaseController.swift in Sources */,
				DA2AF07921E946C700FCF72B /* SubmitAnswersView.swift in Sources */,
				DA9ED6022133F7D900FB54FB /* CharacteristicsCellLevel0.swift in Sources */,
				DAF2A49D219F14DD00BC45A6 /* TimeSaveDelegateProtocol.swift in Sources */,
				DAEE517A214D857500449FEE /* UITapGestureRecognizer.swift in Sources */,
				DA19AA772191B4770049168A /* DayOfWeek.swift in Sources */,
				DAC124E52125E20500378DA1 /* CabinetModel.swift in Sources */,
				DAC61EE0214C196800FB78C6 /* JSONEncoder.swift in Sources */,
				DA6E5BD421B92BB6003CBB2B /* CoreData.xcdatamodeld in Sources */,
				DA68CD60212312D000AE8515 /* AppDelegate.swift in Sources */,
				DA358646222168BB0057405C /* TabsSequence.swift in Sources */,
				DADEAB2F21246A860042B564 /* WelcomeFootterXIB.swift in Sources */,
				DAC61EBA21492A6000FB78C6 /* ArticleInside.swift in Sources */,
				DAF89024223FF7BB00399782 /* ArticleNoteViewController.swift in Sources */,
				DAE6DF832152DC33009C9CC3 /* ArticlesPreviewHeaderView.swift in Sources */,
				DA3E25E121AEE82E00CBF1B2 /* NSManagedObjectContext.swift in Sources */,
				DA9ED5FE2133F53C00FB54FB /* CharacteristicsTableViewController.swift in Sources */,
				DA2AF07321E79C7400FCF72B /* AnswerQuestionsTableViewController.swift in Sources */,
				DA30394C217E4057005EC94E /* User.swift in Sources */,
				DAC61EDE214BD6B700FB78C6 /* NewListInsideTableViewController.swift in Sources */,
				DAA9D754216552F9009697E8 /* NewTestQuestionHederView.swift in Sources */,
				DA52AC6C22425DA20014C52D /* NotesTableViewController.swift in Sources */,
				DAA140C522004A74009221B2 /* Assets.swift in Sources */,
				DA98E95B21EFB17B00B11858 /* CAShapeLayer.swift in Sources */,
				DAD0D1FC21CE521100891C19 /* SubscriptionInformationType.swift in Sources */,
				DAA97B0621233DAF005AF50F /* DescriptionViewController.swift in Sources */,
				DA98A3E021A5E61E007ED40D /* CoreDataManager.swift in Sources */,
				DA6E5BE321B99CFC003CBB2B /* WaitingArticlePushes.swift in Sources */,
				DAB5CB1B21369A9F00B436C2 /* AboutArticlesModel.swift in Sources */,
				DAEE5180214FD4D800449FEE /* ListElementsCell.swift in Sources */,
				DAC124FB21260FA000378DA1 /* OldNotesTableViewController.swift in Sources */,
				DAE6DF7521527BB8009C9CC3 /* ArticleListCell.swift in Sources */,
				DAC0AE3421484A4B00FF9D82 /* SegueIdentifiers.swift in Sources */,
				DAEE517E214FAD9B00449FEE /* Data.swift in Sources */,
				DA98E95921EF779800B11858 /* Date.swift in Sources */,
				DA98A3EA21A6BC2D007ED40D /* DispatchQueue.swift in Sources */,
				DAC0AE3621484D1D00FF9D82 /* StorageController.swift in Sources */,
				DA0637962178BE4300A854B8 /* AppManager.swift in Sources */,
				DA98E96221EFB47600B11858 /* Achievements.swift in Sources */,
				DAE6DF7921527DD9009C9CC3 /* ArticleTextWithCaptionCell.swift in Sources */,
				DAC61EC82149604500FB78C6 /* CharacteristicsArticlesCell.swift in Sources */,
				DA303954217E5C05005EC94E /* StoryboardIdentifiers.swift in Sources */,
				DAF2A480219CA62E00BC45A6 /* ScheduleTableViewController.swift in Sources */,
				DA6E5BE821B9AC72003CBB2B /* ListOfArticlesCell.swift in Sources */,
				DA2AF07721E9360000FCF72B /* QuestionView.swift in Sources */,
				DA9ED60A2133FCE800FB54FB /* CharacteristicsCellLevel2.swift in Sources */,
				DAEE5184215027FF00449FEE /* EditListInsideViewController.swift in Sources */,
				DAE6DF7721527C14009C9CC3 /* ArticleInsideUnwrapped.swift in Sources */,
				DAC124ED2125F90500378DA1 /* CompetenceCell.swift in Sources */,
				DAA97B0221233715005AF50F /* WelcomeModel.swift in Sources */,
				DA303950217E4FE3005EC94E /* KeychainController.swift in Sources */,
				DAF2A484219CB4F000BC45A6 /* MultiSelectSegmentedControl.swift in Sources */,
				DA19AA792191DD320049168A /* SubscriptionArticleSchedule.swift in Sources */,
				DAA97B00212336C0005AF50F /* WelcomeTableViewController.swift in Sources */,
				DAE6DF8121528EC3009C9CC3 /* ArticlesPreviewTableViewController.swift in Sources */,
				DA303956217F2BDB005EC94E /* UserRole.swift in Sources */,
				DAC61EC621495FC800FB78C6 /* CharacteristicsArticlesTableViewController.swift in Sources */,
				DA6E5BDA21B979C2003CBB2B /* NotificationsController.swift in Sources */,
				DA98A3F121A6BC83007ED40D /* BaseOperation.swift in Sources */,
				DAC124EB2125F88900378DA1 /* CompetenceTableViewController.swift in Sources */,
				DA9ED6002133F69400FB54FB /* CellIdentifiers.swift in Sources */,
				DAA9D7562166419C009697E8 /* NewListInsideHeaderView.swift in Sources */,
				DA6E5BE121B99CB9003CBB2B /* SentArticlePushes.swift in Sources */,
				DAC124F32125FED800378DA1 /* AchivementsCell.swift in Sources */,
			);
			runOnlyForDeploymentPostprocessing = 0;
		};
/* End PBXSourcesBuildPhase section */

/* Begin PBXVariantGroup section */
		DA68CD63212312D000AE8515 /* Main.storyboard */ = {
			isa = PBXVariantGroup;
			children = (
				DA68CD64212312D000AE8515 /* Base */,
			);
			name = Main.storyboard;
			sourceTree = "<group>";
		};
		DA68CD68212312D000AE8515 /* LaunchScreen.storyboard */ = {
			isa = PBXVariantGroup;
			children = (
				DA68CD69212312D000AE8515 /* Base */,
			);
			name = LaunchScreen.storyboard;
			sourceTree = "<group>";
		};
/* End PBXVariantGroup section */

/* Begin XCBuildConfiguration section */
		DA68CD6C212312D000AE8515 /* Debug */ = {
			isa = XCBuildConfiguration;
			buildSettings = {
				ALWAYS_SEARCH_USER_PATHS = NO;
				CLANG_ANALYZER_NONNULL = YES;
				CLANG_ANALYZER_NUMBER_OBJECT_CONVERSION = YES_AGGRESSIVE;
				CLANG_CXX_LANGUAGE_STANDARD = "gnu++14";
				CLANG_CXX_LIBRARY = "libc++";
				CLANG_ENABLE_MODULES = YES;
				CLANG_ENABLE_OBJC_ARC = YES;
				CLANG_ENABLE_OBJC_WEAK = YES;
				CLANG_WARN_BLOCK_CAPTURE_AUTORELEASING = YES;
				CLANG_WARN_BOOL_CONVERSION = YES;
				CLANG_WARN_COMMA = YES;
				CLANG_WARN_CONSTANT_CONVERSION = YES;
				CLANG_WARN_DEPRECATED_OBJC_IMPLEMENTATIONS = YES;
				CLANG_WARN_DIRECT_OBJC_ISA_USAGE = YES_ERROR;
				CLANG_WARN_DOCUMENTATION_COMMENTS = YES;
				CLANG_WARN_EMPTY_BODY = YES;
				CLANG_WARN_ENUM_CONVERSION = YES;
				CLANG_WARN_INFINITE_RECURSION = YES;
				CLANG_WARN_INT_CONVERSION = YES;
				CLANG_WARN_NON_LITERAL_NULL_CONVERSION = YES;
				CLANG_WARN_OBJC_IMPLICIT_RETAIN_SELF = YES;
				CLANG_WARN_OBJC_LITERAL_CONVERSION = YES;
				CLANG_WARN_OBJC_ROOT_CLASS = YES_ERROR;
				CLANG_WARN_RANGE_LOOP_ANALYSIS = YES;
				CLANG_WARN_STRICT_PROTOTYPES = YES;
				CLANG_WARN_SUSPICIOUS_MOVE = YES;
				CLANG_WARN_UNGUARDED_AVAILABILITY = YES_AGGRESSIVE;
				CLANG_WARN_UNREACHABLE_CODE = YES;
				CLANG_WARN__DUPLICATE_METHOD_MATCH = YES;
				CODE_SIGN_IDENTITY = "iPhone Developer";
				COPY_PHASE_STRIP = NO;
				DEBUG_INFORMATION_FORMAT = dwarf;
				ENABLE_STRICT_OBJC_MSGSEND = YES;
				ENABLE_TESTABILITY = YES;
				GCC_C_LANGUAGE_STANDARD = gnu11;
				GCC_DYNAMIC_NO_PIC = NO;
				GCC_NO_COMMON_BLOCKS = YES;
				GCC_OPTIMIZATION_LEVEL = 0;
				GCC_PREPROCESSOR_DEFINITIONS = (
					"DEBUG=1",
					"$(inherited)",
				);
				GCC_WARN_64_TO_32_BIT_CONVERSION = YES;
				GCC_WARN_ABOUT_RETURN_TYPE = YES_ERROR;
				GCC_WARN_UNDECLARED_SELECTOR = YES;
				GCC_WARN_UNINITIALIZED_AUTOS = YES_AGGRESSIVE;
				GCC_WARN_UNUSED_FUNCTION = YES;
				GCC_WARN_UNUSED_VARIABLE = YES;
				IPHONEOS_DEPLOYMENT_TARGET = 11.4;
				MTL_ENABLE_DEBUG_INFO = YES;
				ONLY_ACTIVE_ARCH = YES;
				SDKROOT = iphoneos;
				SWIFT_ACTIVE_COMPILATION_CONDITIONS = DEBUG;
				SWIFT_OPTIMIZATION_LEVEL = "-Onone";
			};
			name = Debug;
		};
		DA68CD6D212312D000AE8515 /* Release */ = {
			isa = XCBuildConfiguration;
			buildSettings = {
				ALWAYS_SEARCH_USER_PATHS = NO;
				CLANG_ANALYZER_NONNULL = YES;
				CLANG_ANALYZER_NUMBER_OBJECT_CONVERSION = YES_AGGRESSIVE;
				CLANG_CXX_LANGUAGE_STANDARD = "gnu++14";
				CLANG_CXX_LIBRARY = "libc++";
				CLANG_ENABLE_MODULES = YES;
				CLANG_ENABLE_OBJC_ARC = YES;
				CLANG_ENABLE_OBJC_WEAK = YES;
				CLANG_WARN_BLOCK_CAPTURE_AUTORELEASING = YES;
				CLANG_WARN_BOOL_CONVERSION = YES;
				CLANG_WARN_COMMA = YES;
				CLANG_WARN_CONSTANT_CONVERSION = YES;
				CLANG_WARN_DEPRECATED_OBJC_IMPLEMENTATIONS = YES;
				CLANG_WARN_DIRECT_OBJC_ISA_USAGE = YES_ERROR;
				CLANG_WARN_DOCUMENTATION_COMMENTS = YES;
				CLANG_WARN_EMPTY_BODY = YES;
				CLANG_WARN_ENUM_CONVERSION = YES;
				CLANG_WARN_INFINITE_RECURSION = YES;
				CLANG_WARN_INT_CONVERSION = YES;
				CLANG_WARN_NON_LITERAL_NULL_CONVERSION = YES;
				CLANG_WARN_OBJC_IMPLICIT_RETAIN_SELF = YES;
				CLANG_WARN_OBJC_LITERAL_CONVERSION = YES;
				CLANG_WARN_OBJC_ROOT_CLASS = YES_ERROR;
				CLANG_WARN_RANGE_LOOP_ANALYSIS = YES;
				CLANG_WARN_STRICT_PROTOTYPES = YES;
				CLANG_WARN_SUSPICIOUS_MOVE = YES;
				CLANG_WARN_UNGUARDED_AVAILABILITY = YES_AGGRESSIVE;
				CLANG_WARN_UNREACHABLE_CODE = YES;
				CLANG_WARN__DUPLICATE_METHOD_MATCH = YES;
				CODE_SIGN_IDENTITY = "iPhone Developer";
				COPY_PHASE_STRIP = NO;
				DEBUG_INFORMATION_FORMAT = "dwarf-with-dsym";
				ENABLE_NS_ASSERTIONS = NO;
				ENABLE_STRICT_OBJC_MSGSEND = YES;
				GCC_C_LANGUAGE_STANDARD = gnu11;
				GCC_NO_COMMON_BLOCKS = YES;
				GCC_WARN_64_TO_32_BIT_CONVERSION = YES;
				GCC_WARN_ABOUT_RETURN_TYPE = YES_ERROR;
				GCC_WARN_UNDECLARED_SELECTOR = YES;
				GCC_WARN_UNINITIALIZED_AUTOS = YES_AGGRESSIVE;
				GCC_WARN_UNUSED_FUNCTION = YES;
				GCC_WARN_UNUSED_VARIABLE = YES;
				IPHONEOS_DEPLOYMENT_TARGET = 11.4;
				MTL_ENABLE_DEBUG_INFO = NO;
				SDKROOT = iphoneos;
				SWIFT_COMPILATION_MODE = wholemodule;
				SWIFT_OPTIMIZATION_LEVEL = "-O";
				VALIDATE_PRODUCT = YES;
			};
			name = Release;
		};
		DA68CD6F212312D000AE8515 /* Debug */ = {
			isa = XCBuildConfiguration;
			baseConfigurationReference = 5868065F6968F58F8DEBB8E1 /* Pods-BusarovaCoaching.debug.xcconfig */;
			buildSettings = {
				ASSETCATALOG_COMPILER_APPICON_NAME = AppIcon;
				CODE_SIGN_ENTITLEMENTS = BusarovaCoaching/ru.busarova.Karierist.entitlements;
				CODE_SIGN_STYLE = Automatic;
				DEVELOPMENT_TEAM = PQM64KYY4H;
				FRAMEWORK_SEARCH_PATHS = "$(inherited)";
				INFOPLIST_FILE = BusarovaCoaching/Info.plist;
				LD_RUNPATH_SEARCH_PATHS = (
					"$(inherited)",
					"@executable_path/Frameworks",
				);
				PRODUCT_BUNDLE_IDENTIFIER = ru.busarova.Karierist2;
				PRODUCT_NAME = ru.busarova.Karierist;
				SWIFT_VERSION = 5.0;
				TARGETED_DEVICE_FAMILY = 1;
			};
			name = Debug;
		};
		DA68CD70212312D000AE8515 /* Release */ = {
			isa = XCBuildConfiguration;
			baseConfigurationReference = 7D348FDAB9D9C3649F079096 /* Pods-BusarovaCoaching.release.xcconfig */;
			buildSettings = {
				ASSETCATALOG_COMPILER_APPICON_NAME = AppIcon;
				CODE_SIGN_ENTITLEMENTS = BusarovaCoaching/ru.busarova.Karierist.entitlements;
				CODE_SIGN_STYLE = Automatic;
				DEVELOPMENT_TEAM = PQM64KYY4H;
				FRAMEWORK_SEARCH_PATHS = "$(inherited)";
				INFOPLIST_FILE = BusarovaCoaching/Info.plist;
				LD_RUNPATH_SEARCH_PATHS = (
					"$(inherited)",
					"@executable_path/Frameworks",
				);
				PRODUCT_BUNDLE_IDENTIFIER = ru.busarova.Karierist2;
				PRODUCT_NAME = ru.busarova.Karierist;
				SWIFT_VERSION = 5.0;
				TARGETED_DEVICE_FAMILY = 1;
			};
			name = Release;
		};
/* End XCBuildConfiguration section */

/* Begin XCConfigurationList section */
		DA68CD57212312CF00AE8515 /* Build configuration list for PBXProject "BusarovaCoaching" */ = {
			isa = XCConfigurationList;
			buildConfigurations = (
				DA68CD6C212312D000AE8515 /* Debug */,
				DA68CD6D212312D000AE8515 /* Release */,
			);
			defaultConfigurationIsVisible = 0;
			defaultConfigurationName = Release;
		};
		DA68CD6E212312D000AE8515 /* Build configuration list for PBXNativeTarget "BusarovaCoaching" */ = {
			isa = XCConfigurationList;
			buildConfigurations = (
				DA68CD6F212312D000AE8515 /* Debug */,
				DA68CD70212312D000AE8515 /* Release */,
			);
			defaultConfigurationIsVisible = 0;
			defaultConfigurationName = Release;
		};
/* End XCConfigurationList section */

/* Begin XCVersionGroup section */
		DA6E5BD221B92BB6003CBB2B /* CoreData.xcdatamodeld */ = {
			isa = XCVersionGroup;
			children = (
				DA6E5BD321B92BB6003CBB2B /* CoreData.xcdatamodel */,
			);
			currentVersion = DA6E5BD321B92BB6003CBB2B /* CoreData.xcdatamodel */;
			path = CoreData.xcdatamodeld;
			sourceTree = "<group>";
			versionGroupType = wrapper.xcdatamodel;
		};
/* End XCVersionGroup section */
	};
	rootObject = DA68CD54212312CF00AE8515 /* Project object */;
}
