// !$*UTF8*$!
{
	archiveVersion = 1;
	classes = {
	};
	objectVersion = 50;
	objects = {

/* Begin PBXBuildFile section */
		557D3715C2EA4660FED5D13B /* Pods_BusarovaCoaching.framework in Frameworks */ = {isa = PBXBuildFile; fileRef = 61BAA6AABAAC7B1CCC410EA2 /* Pods_BusarovaCoaching.framework */; };
		DA167D0B2134300F001A9A84 /* DataController.swift in Sources */ = {isa = PBXBuildFile; fileRef = DA167D0A2134300F001A9A84 /* DataController.swift */; };
		DA5A553C21243B4D00B7153E /* CheckBoxButton.swift in Sources */ = {isa = PBXBuildFile; fileRef = DA5A553B21243B4D00B7153E /* CheckBoxButton.swift */; };
		DA68CD60212312D000AE8515 /* AppDelegate.swift in Sources */ = {isa = PBXBuildFile; fileRef = DA68CD5F212312D000AE8515 /* AppDelegate.swift */; };
		DA68CD65212312D000AE8515 /* Main.storyboard in Resources */ = {isa = PBXBuildFile; fileRef = DA68CD63212312D000AE8515 /* Main.storyboard */; };
		DA68CD67212312D000AE8515 /* Assets.xcassets in Resources */ = {isa = PBXBuildFile; fileRef = DA68CD66212312D000AE8515 /* Assets.xcassets */; };
		DA68CD6A212312D000AE8515 /* LaunchScreen.storyboard in Resources */ = {isa = PBXBuildFile; fileRef = DA68CD68212312D000AE8515 /* LaunchScreen.storyboard */; };
		DA9ED5FB2133EA4800FB54FB /* CharacteristicsModel.swift in Sources */ = {isa = PBXBuildFile; fileRef = DA9ED5FA2133EA4800FB54FB /* CharacteristicsModel.swift */; };
		DA9ED5FE2133F53C00FB54FB /* CharacteristicsTableViewController.swift in Sources */ = {isa = PBXBuildFile; fileRef = DA9ED5FD2133F53C00FB54FB /* CharacteristicsTableViewController.swift */; };
		DA9ED6002133F69400FB54FB /* CellIdentifiers.swift in Sources */ = {isa = PBXBuildFile; fileRef = DA9ED5FF2133F69400FB54FB /* CellIdentifiers.swift */; };
		DA9ED6022133F7D900FB54FB /* CharacteristicsCellLevel0.swift in Sources */ = {isa = PBXBuildFile; fileRef = DA9ED6012133F7D900FB54FB /* CharacteristicsCellLevel0.swift */; };
		DA9ED6042133F92900FB54FB /* CharacteristicsCellLevel1.swift in Sources */ = {isa = PBXBuildFile; fileRef = DA9ED6032133F92900FB54FB /* CharacteristicsCellLevel1.swift */; };
		DA9ED60A2133FCE800FB54FB /* CharacteristicsCellLevel2.swift in Sources */ = {isa = PBXBuildFile; fileRef = DA9ED6092133FCE800FB54FB /* CharacteristicsCellLevel2.swift */; };
		DA9ED60C2134176000FB54FB /* DBTables.swift in Sources */ = {isa = PBXBuildFile; fileRef = DA9ED60B2134176000FB54FB /* DBTables.swift */; };
		DAA97B00212336C0005AF50F /* WelcomeTableViewController.swift in Sources */ = {isa = PBXBuildFile; fileRef = DAA97AFF212336C0005AF50F /* WelcomeTableViewController.swift */; };
		DAA97B0221233715005AF50F /* WelcomeModel.swift in Sources */ = {isa = PBXBuildFile; fileRef = DAA97B0121233715005AF50F /* WelcomeModel.swift */; };
		DAA97B042123396F005AF50F /* WelcomeTableCell.swift in Sources */ = {isa = PBXBuildFile; fileRef = DAA97B032123396F005AF50F /* WelcomeTableCell.swift */; };
		DAA97B0621233DAF005AF50F /* DescriptionViewController.swift in Sources */ = {isa = PBXBuildFile; fileRef = DAA97B0521233DAF005AF50F /* DescriptionViewController.swift */; };
		DAACF04821345C45006FA934 /* GoogleService-Info.plist in Resources */ = {isa = PBXBuildFile; fileRef = DAACF04721345C45006FA934 /* GoogleService-Info.plist */; };
		DAB5CB152135A5A000B436C2 /* AchievementsModel.swift in Sources */ = {isa = PBXBuildFile; fileRef = DAB5CB142135A5A000B436C2 /* AchievementsModel.swift */; };
		DAB5CB192135BA3300B436C2 /* NotesModel.swift in Sources */ = {isa = PBXBuildFile; fileRef = DAB5CB182135BA3300B436C2 /* NotesModel.swift */; };
		DAB5CB1B21369A9F00B436C2 /* AboutArticlesModel.swift in Sources */ = {isa = PBXBuildFile; fileRef = DAB5CB1A21369A9F00B436C2 /* AboutArticlesModel.swift */; };
		DAC0AE3421484A4B00FF9D82 /* SegueIdentifiers.swift in Sources */ = {isa = PBXBuildFile; fileRef = DAC0AE3321484A4B00FF9D82 /* SegueIdentifiers.swift */; };
		DAC0AE3621484D1D00FF9D82 /* StorageController.swift in Sources */ = {isa = PBXBuildFile; fileRef = DAC0AE3521484D1D00FF9D82 /* StorageController.swift */; };
		DAC0AE38214850BC00FF9D82 /* FirebaseController.swift in Sources */ = {isa = PBXBuildFile; fileRef = DAC0AE37214850BC00FF9D82 /* FirebaseController.swift */; };
		DAC124E32125E18C00378DA1 /* CabinetTableViewController.swift in Sources */ = {isa = PBXBuildFile; fileRef = DAC124E22125E18C00378DA1 /* CabinetTableViewController.swift */; };
		DAC124E52125E20500378DA1 /* CabinetModel.swift in Sources */ = {isa = PBXBuildFile; fileRef = DAC124E42125E20500378DA1 /* CabinetModel.swift */; };
		DAC124E72125E83B00378DA1 /* CabinetCell.swift in Sources */ = {isa = PBXBuildFile; fileRef = DAC124E62125E83B00378DA1 /* CabinetCell.swift */; };
		DAC124E92125ECC500378DA1 /* CabinetSectionView.swift in Sources */ = {isa = PBXBuildFile; fileRef = DAC124E82125ECC500378DA1 /* CabinetSectionView.swift */; };
		DAC124EB2125F88900378DA1 /* CompetenceTableViewController.swift in Sources */ = {isa = PBXBuildFile; fileRef = DAC124EA2125F88900378DA1 /* CompetenceTableViewController.swift */; };
		DAC124ED2125F90500378DA1 /* CompetenceCell.swift in Sources */ = {isa = PBXBuildFile; fileRef = DAC124EC2125F90500378DA1 /* CompetenceCell.swift */; };
		DAC124F12125FDED00378DA1 /* AchievementsTableViewController.swift in Sources */ = {isa = PBXBuildFile; fileRef = DAC124F02125FDED00378DA1 /* AchievementsTableViewController.swift */; };
		DAC124F32125FED800378DA1 /* AchivementsCell.swift in Sources */ = {isa = PBXBuildFile; fileRef = DAC124F22125FED800378DA1 /* AchivementsCell.swift */; };
		DAC124F62126074D00378DA1 /* DevelopmentTableViewController.swift in Sources */ = {isa = PBXBuildFile; fileRef = DAC124F52126074D00378DA1 /* DevelopmentTableViewController.swift */; };
		DAC124F82126086B00378DA1 /* DevelopmentCell.swift in Sources */ = {isa = PBXBuildFile; fileRef = DAC124F72126086B00378DA1 /* DevelopmentCell.swift */; };
		DAC124FB21260FA000378DA1 /* NotesTableViewController.swift in Sources */ = {isa = PBXBuildFile; fileRef = DAC124FA21260FA000378DA1 /* NotesTableViewController.swift */; };
		DAC124FD212610CB00378DA1 /* NotesCell.swift in Sources */ = {isa = PBXBuildFile; fileRef = DAC124FC212610CB00378DA1 /* NotesCell.swift */; };
		DAC124FF2126120A00378DA1 /* DetailedNoteViewController.swift in Sources */ = {isa = PBXBuildFile; fileRef = DAC124FE2126120A00378DA1 /* DetailedNoteViewController.swift */; };
		DADEAB2D212458AF0042B564 /* WelcomeFooterXIB.xib in Resources */ = {isa = PBXBuildFile; fileRef = DADEAB2C212458AF0042B564 /* WelcomeFooterXIB.xib */; };
		DADEAB2F21246A860042B564 /* WelcomeFootterXIB.swift in Sources */ = {isa = PBXBuildFile; fileRef = DADEAB2E21246A860042B564 /* WelcomeFootterXIB.swift */; };
/* End PBXBuildFile section */

/* Begin PBXFileReference section */
		5868065F6968F58F8DEBB8E1 /* Pods-BusarovaCoaching.debug.xcconfig */ = {isa = PBXFileReference; includeInIndex = 1; lastKnownFileType = text.xcconfig; name = "Pods-BusarovaCoaching.debug.xcconfig"; path = "Pods/Target Support Files/Pods-BusarovaCoaching/Pods-BusarovaCoaching.debug.xcconfig"; sourceTree = "<group>"; };
		61BAA6AABAAC7B1CCC410EA2 /* Pods_BusarovaCoaching.framework */ = {isa = PBXFileReference; explicitFileType = wrapper.framework; includeInIndex = 0; path = Pods_BusarovaCoaching.framework; sourceTree = BUILT_PRODUCTS_DIR; };
		7D348FDAB9D9C3649F079096 /* Pods-BusarovaCoaching.release.xcconfig */ = {isa = PBXFileReference; includeInIndex = 1; lastKnownFileType = text.xcconfig; name = "Pods-BusarovaCoaching.release.xcconfig"; path = "Pods/Target Support Files/Pods-BusarovaCoaching/Pods-BusarovaCoaching.release.xcconfig"; sourceTree = "<group>"; };
		DA167D0A2134300F001A9A84 /* DataController.swift */ = {isa = PBXFileReference; lastKnownFileType = sourcecode.swift; path = DataController.swift; sourceTree = "<group>"; };
		DA5A553B21243B4D00B7153E /* CheckBoxButton.swift */ = {isa = PBXFileReference; lastKnownFileType = sourcecode.swift; path = CheckBoxButton.swift; sourceTree = "<group>"; };
		DA68CD5C212312D000AE8515 /* BusarovaCoaching.app */ = {isa = PBXFileReference; explicitFileType = wrapper.application; includeInIndex = 0; path = BusarovaCoaching.app; sourceTree = BUILT_PRODUCTS_DIR; };
		DA68CD5F212312D000AE8515 /* AppDelegate.swift */ = {isa = PBXFileReference; lastKnownFileType = sourcecode.swift; path = AppDelegate.swift; sourceTree = "<group>"; };
		DA68CD64212312D000AE8515 /* Base */ = {isa = PBXFileReference; lastKnownFileType = file.storyboard; name = Base; path = Base.lproj/Main.storyboard; sourceTree = "<group>"; };
		DA68CD66212312D000AE8515 /* Assets.xcassets */ = {isa = PBXFileReference; lastKnownFileType = folder.assetcatalog; path = Assets.xcassets; sourceTree = "<group>"; };
		DA68CD69212312D000AE8515 /* Base */ = {isa = PBXFileReference; lastKnownFileType = file.storyboard; name = Base; path = Base.lproj/LaunchScreen.storyboard; sourceTree = "<group>"; };
		DA68CD6B212312D000AE8515 /* Info.plist */ = {isa = PBXFileReference; lastKnownFileType = text.plist.xml; path = Info.plist; sourceTree = "<group>"; };
		DA9ED5FA2133EA4800FB54FB /* CharacteristicsModel.swift */ = {isa = PBXFileReference; lastKnownFileType = sourcecode.swift; path = CharacteristicsModel.swift; sourceTree = "<group>"; };
		DA9ED5FD2133F53C00FB54FB /* CharacteristicsTableViewController.swift */ = {isa = PBXFileReference; lastKnownFileType = sourcecode.swift; path = CharacteristicsTableViewController.swift; sourceTree = "<group>"; };
		DA9ED5FF2133F69400FB54FB /* CellIdentifiers.swift */ = {isa = PBXFileReference; lastKnownFileType = sourcecode.swift; path = CellIdentifiers.swift; sourceTree = "<group>"; };
		DA9ED6012133F7D900FB54FB /* CharacteristicsCellLevel0.swift */ = {isa = PBXFileReference; lastKnownFileType = sourcecode.swift; path = CharacteristicsCellLevel0.swift; sourceTree = "<group>"; };
		DA9ED6032133F92900FB54FB /* CharacteristicsCellLevel1.swift */ = {isa = PBXFileReference; lastKnownFileType = sourcecode.swift; path = CharacteristicsCellLevel1.swift; sourceTree = "<group>"; };
		DA9ED6092133FCE800FB54FB /* CharacteristicsCellLevel2.swift */ = {isa = PBXFileReference; lastKnownFileType = sourcecode.swift; path = CharacteristicsCellLevel2.swift; sourceTree = "<group>"; };
		DA9ED60B2134176000FB54FB /* DBTables.swift */ = {isa = PBXFileReference; lastKnownFileType = sourcecode.swift; path = DBTables.swift; sourceTree = "<group>"; };
		DAA97AFF212336C0005AF50F /* WelcomeTableViewController.swift */ = {isa = PBXFileReference; lastKnownFileType = sourcecode.swift; path = WelcomeTableViewController.swift; sourceTree = "<group>"; };
		DAA97B0121233715005AF50F /* WelcomeModel.swift */ = {isa = PBXFileReference; lastKnownFileType = sourcecode.swift; path = WelcomeModel.swift; sourceTree = "<group>"; };
		DAA97B032123396F005AF50F /* WelcomeTableCell.swift */ = {isa = PBXFileReference; lastKnownFileType = sourcecode.swift; path = WelcomeTableCell.swift; sourceTree = "<group>"; };
		DAA97B0521233DAF005AF50F /* DescriptionViewController.swift */ = {isa = PBXFileReference; lastKnownFileType = sourcecode.swift; path = DescriptionViewController.swift; sourceTree = "<group>"; };
		DAACF04721345C45006FA934 /* GoogleService-Info.plist */ = {isa = PBXFileReference; fileEncoding = 4; lastKnownFileType = text.plist.xml; path = "GoogleService-Info.plist"; sourceTree = "<group>"; };
		DAB5CB142135A5A000B436C2 /* AchievementsModel.swift */ = {isa = PBXFileReference; lastKnownFileType = sourcecode.swift; path = AchievementsModel.swift; sourceTree = "<group>"; };
		DAB5CB182135BA3300B436C2 /* NotesModel.swift */ = {isa = PBXFileReference; lastKnownFileType = sourcecode.swift; path = NotesModel.swift; sourceTree = "<group>"; };
		DAB5CB1A21369A9F00B436C2 /* AboutArticlesModel.swift */ = {isa = PBXFileReference; lastKnownFileType = sourcecode.swift; path = AboutArticlesModel.swift; sourceTree = "<group>"; };
		DAC0AE3321484A4B00FF9D82 /* SegueIdentifiers.swift */ = {isa = PBXFileReference; lastKnownFileType = sourcecode.swift; path = SegueIdentifiers.swift; sourceTree = "<group>"; };
		DAC0AE3521484D1D00FF9D82 /* StorageController.swift */ = {isa = PBXFileReference; lastKnownFileType = sourcecode.swift; path = StorageController.swift; sourceTree = "<group>"; };
		DAC0AE37214850BC00FF9D82 /* FirebaseController.swift */ = {isa = PBXFileReference; lastKnownFileType = sourcecode.swift; path = FirebaseController.swift; sourceTree = "<group>"; };
		DAC124E22125E18C00378DA1 /* CabinetTableViewController.swift */ = {isa = PBXFileReference; lastKnownFileType = sourcecode.swift; path = CabinetTableViewController.swift; sourceTree = "<group>"; };
		DAC124E42125E20500378DA1 /* CabinetModel.swift */ = {isa = PBXFileReference; lastKnownFileType = sourcecode.swift; path = CabinetModel.swift; sourceTree = "<group>"; };
		DAC124E62125E83B00378DA1 /* CabinetCell.swift */ = {isa = PBXFileReference; lastKnownFileType = sourcecode.swift; path = CabinetCell.swift; sourceTree = "<group>"; };
		DAC124E82125ECC500378DA1 /* CabinetSectionView.swift */ = {isa = PBXFileReference; lastKnownFileType = sourcecode.swift; path = CabinetSectionView.swift; sourceTree = "<group>"; };
		DAC124EA2125F88900378DA1 /* CompetenceTableViewController.swift */ = {isa = PBXFileReference; lastKnownFileType = sourcecode.swift; path = CompetenceTableViewController.swift; sourceTree = "<group>"; };
		DAC124EC2125F90500378DA1 /* CompetenceCell.swift */ = {isa = PBXFileReference; lastKnownFileType = sourcecode.swift; path = CompetenceCell.swift; sourceTree = "<group>"; };
		DAC124F02125FDED00378DA1 /* AchievementsTableViewController.swift */ = {isa = PBXFileReference; lastKnownFileType = sourcecode.swift; path = AchievementsTableViewController.swift; sourceTree = "<group>"; };
		DAC124F22125FED800378DA1 /* AchivementsCell.swift */ = {isa = PBXFileReference; lastKnownFileType = sourcecode.swift; path = AchivementsCell.swift; sourceTree = "<group>"; };
		DAC124F52126074D00378DA1 /* DevelopmentTableViewController.swift */ = {isa = PBXFileReference; lastKnownFileType = sourcecode.swift; path = DevelopmentTableViewController.swift; sourceTree = "<group>"; };
		DAC124F72126086B00378DA1 /* DevelopmentCell.swift */ = {isa = PBXFileReference; lastKnownFileType = sourcecode.swift; path = DevelopmentCell.swift; sourceTree = "<group>"; };
		DAC124FA21260FA000378DA1 /* NotesTableViewController.swift */ = {isa = PBXFileReference; lastKnownFileType = sourcecode.swift; path = NotesTableViewController.swift; sourceTree = "<group>"; };
		DAC124FC212610CB00378DA1 /* NotesCell.swift */ = {isa = PBXFileReference; lastKnownFileType = sourcecode.swift; path = NotesCell.swift; sourceTree = "<group>"; };
		DAC124FE2126120A00378DA1 /* DetailedNoteViewController.swift */ = {isa = PBXFileReference; lastKnownFileType = sourcecode.swift; path = DetailedNoteViewController.swift; sourceTree = "<group>"; };
		DADEAB2C212458AF0042B564 /* WelcomeFooterXIB.xib */ = {isa = PBXFileReference; lastKnownFileType = file.xib; path = WelcomeFooterXIB.xib; sourceTree = "<group>"; };
		DADEAB2E21246A860042B564 /* WelcomeFootterXIB.swift */ = {isa = PBXFileReference; lastKnownFileType = sourcecode.swift; path = WelcomeFootterXIB.swift; sourceTree = "<group>"; };
/* End PBXFileReference section */

/* Begin PBXFrameworksBuildPhase section */
		DA68CD59212312D000AE8515 /* Frameworks */ = {
			isa = PBXFrameworksBuildPhase;
			buildActionMask = 2147483647;
			files = (
				557D3715C2EA4660FED5D13B /* Pods_BusarovaCoaching.framework in Frameworks */,
			);
			runOnlyForDeploymentPostprocessing = 0;
		};
/* End PBXFrameworksBuildPhase section */

/* Begin PBXGroup section */
		4E907D3CE40DD9E4C1032357 /* Pods */ = {
			isa = PBXGroup;
			children = (
				5868065F6968F58F8DEBB8E1 /* Pods-BusarovaCoaching.debug.xcconfig */,
				7D348FDAB9D9C3649F079096 /* Pods-BusarovaCoaching.release.xcconfig */,
			);
			name = Pods;
			sourceTree = "<group>";
		};
		55C22043A4CB8A121F3FAD9B /* Frameworks */ = {
			isa = PBXGroup;
			children = (
				61BAA6AABAAC7B1CCC410EA2 /* Pods_BusarovaCoaching.framework */,
			);
			name = Frameworks;
			sourceTree = "<group>";
		};
		DA167D0921342FF5001A9A84 /* Controllers */ = {
			isa = PBXGroup;
			children = (
				DA167D0A2134300F001A9A84 /* DataController.swift */,
				DAC0AE3521484D1D00FF9D82 /* StorageController.swift */,
				DAC0AE37214850BC00FF9D82 /* FirebaseController.swift */,
			);
			path = Controllers;
			sourceTree = "<group>";
		};
		DA5A553A21243B3100B7153E /* SupportingFiles */ = {
			isa = PBXGroup;
			children = (
				DA5A553B21243B4D00B7153E /* CheckBoxButton.swift */,
				DA9ED5FF2133F69400FB54FB /* CellIdentifiers.swift */,
				DA9ED60B2134176000FB54FB /* DBTables.swift */,
				DAC0AE3321484A4B00FF9D82 /* SegueIdentifiers.swift */,
			);
			path = SupportingFiles;
			sourceTree = "<group>";
		};
		DA68CD53212312CF00AE8515 = {
			isa = PBXGroup;
			children = (
				DA68CD5E212312D000AE8515 /* BusarovaCoaching */,
				DA68CD5D212312D000AE8515 /* Products */,
				4E907D3CE40DD9E4C1032357 /* Pods */,
				55C22043A4CB8A121F3FAD9B /* Frameworks */,
			);
			sourceTree = "<group>";
		};
		DA68CD5D212312D000AE8515 /* Products */ = {
			isa = PBXGroup;
			children = (
				DA68CD5C212312D000AE8515 /* BusarovaCoaching.app */,
			);
			name = Products;
			sourceTree = "<group>";
		};
		DA68CD5E212312D000AE8515 /* BusarovaCoaching */ = {
			isa = PBXGroup;
			children = (
				DA167D0921342FF5001A9A84 /* Controllers */,
				DA9ED5FC2133F51B00FB54FB /* Characteristics */,
				DA9ED5F92133EA3000FB54FB /* Models */,
				DAC124E12125E17100378DA1 /* Cabinet */,
				DAA97AFE21233655005AF50F /* About */,
				DA5A553A21243B3100B7153E /* SupportingFiles */,
				DA68CD5F212312D000AE8515 /* AppDelegate.swift */,
				DA68CD63212312D000AE8515 /* Main.storyboard */,
				DA68CD66212312D000AE8515 /* Assets.xcassets */,
				DA68CD68212312D000AE8515 /* LaunchScreen.storyboard */,
				DA68CD6B212312D000AE8515 /* Info.plist */,
				DAACF04721345C45006FA934 /* GoogleService-Info.plist */,
			);
			path = BusarovaCoaching;
			sourceTree = "<group>";
		};
		DA9ED5F92133EA3000FB54FB /* Models */ = {
			isa = PBXGroup;
			children = (
				DA9ED5FA2133EA4800FB54FB /* CharacteristicsModel.swift */,
				DAB5CB142135A5A000B436C2 /* AchievementsModel.swift */,
				DAB5CB182135BA3300B436C2 /* NotesModel.swift */,
				DAB5CB1A21369A9F00B436C2 /* AboutArticlesModel.swift */,
			);
			path = Models;
			sourceTree = "<group>";
		};
		DA9ED5FC2133F51B00FB54FB /* Characteristics */ = {
			isa = PBXGroup;
			children = (
				DA9ED5FD2133F53C00FB54FB /* CharacteristicsTableViewController.swift */,
				DA9ED6012133F7D900FB54FB /* CharacteristicsCellLevel0.swift */,
				DA9ED6032133F92900FB54FB /* CharacteristicsCellLevel1.swift */,
				DA9ED6092133FCE800FB54FB /* CharacteristicsCellLevel2.swift */,
			);
			path = Characteristics;
			sourceTree = "<group>";
		};
		DAA97AFE21233655005AF50F /* About */ = {
			isa = PBXGroup;
			children = (
				DAA97AFF212336C0005AF50F /* WelcomeTableViewController.swift */,
				DAA97B0121233715005AF50F /* WelcomeModel.swift */,
				DAA97B032123396F005AF50F /* WelcomeTableCell.swift */,
				DAA97B0521233DAF005AF50F /* DescriptionViewController.swift */,
				DADEAB2C212458AF0042B564 /* WelcomeFooterXIB.xib */,
				DADEAB2E21246A860042B564 /* WelcomeFootterXIB.swift */,
			);
			path = About;
			sourceTree = "<group>";
		};
		DAC124E12125E17100378DA1 /* Cabinet */ = {
			isa = PBXGroup;
			children = (
				DAC124EF2125FDCD00378DA1 /* Achivements */,
				DAC124F42126071D00378DA1 /* Development */,
				DAC124EE2125FDBC00378DA1 /* Competence */,
				DAC124F921260F8300378DA1 /* Notes */,
				DAC124E22125E18C00378DA1 /* CabinetTableViewController.swift */,
				DAC124E42125E20500378DA1 /* CabinetModel.swift */,
				DAC124E62125E83B00378DA1 /* CabinetCell.swift */,
				DAC124E82125ECC500378DA1 /* CabinetSectionView.swift */,
			);
			path = Cabinet;
			sourceTree = "<group>";
		};
		DAC124EE2125FDBC00378DA1 /* Competence */ = {
			isa = PBXGroup;
			children = (
				DAC124EA2125F88900378DA1 /* CompetenceTableViewController.swift */,
				DAC124EC2125F90500378DA1 /* CompetenceCell.swift */,
			);
			path = Competence;
			sourceTree = "<group>";
		};
		DAC124EF2125FDCD00378DA1 /* Achivements */ = {
			isa = PBXGroup;
			children = (
				DAC124F02125FDED00378DA1 /* AchievementsTableViewController.swift */,
				DAC124F22125FED800378DA1 /* AchivementsCell.swift */,
			);
			path = Achivements;
			sourceTree = "<group>";
		};
		DAC124F42126071D00378DA1 /* Development */ = {
			isa = PBXGroup;
			children = (
				DAC124F52126074D00378DA1 /* DevelopmentTableViewController.swift */,
				DAC124F72126086B00378DA1 /* DevelopmentCell.swift */,
			);
			path = Development;
			sourceTree = "<group>";
		};
		DAC124F921260F8300378DA1 /* Notes */ = {
			isa = PBXGroup;
			children = (
				DAC124FA21260FA000378DA1 /* NotesTableViewController.swift */,
				DAC124FE2126120A00378DA1 /* DetailedNoteViewController.swift */,
				DAC124FC212610CB00378DA1 /* NotesCell.swift */,
			);
			path = Notes;
			sourceTree = "<group>";
		};
/* End PBXGroup section */

/* Begin PBXNativeTarget section */
		DA68CD5B212312D000AE8515 /* BusarovaCoaching */ = {
			isa = PBXNativeTarget;
			buildConfigurationList = DA68CD6E212312D000AE8515 /* Build configuration list for PBXNativeTarget "BusarovaCoaching" */;
			buildPhases = (
				AECD3B61C1BEAA2A242F2459 /* [CP] Check Pods Manifest.lock */,
				DA68CD58212312D000AE8515 /* Sources */,
				DA68CD59212312D000AE8515 /* Frameworks */,
				DA68CD5A212312D000AE8515 /* Resources */,
				899952C34D526051302AF97A /* [CP] Embed Pods Frameworks */,
			);
			buildRules = (
			);
			dependencies = (
			);
			name = BusarovaCoaching;
			productName = BusarovaCoaching;
			productReference = DA68CD5C212312D000AE8515 /* BusarovaCoaching.app */;
			productType = "com.apple.product-type.application";
		};
/* End PBXNativeTarget section */

/* Begin PBXProject section */
		DA68CD54212312CF00AE8515 /* Project object */ = {
			isa = PBXProject;
			attributes = {
				LastSwiftUpdateCheck = 0940;
				LastUpgradeCheck = 0940;
				ORGANIZATIONNAME = "The Homber Team";
				TargetAttributes = {
					DA68CD5B212312D000AE8515 = {
						CreatedOnToolsVersion = 9.4.1;
					};
				};
			};
			buildConfigurationList = DA68CD57212312CF00AE8515 /* Build configuration list for PBXProject "BusarovaCoaching" */;
			compatibilityVersion = "Xcode 9.3";
			developmentRegion = en;
			hasScannedForEncodings = 0;
			knownRegions = (
				en,
				Base,
			);
			mainGroup = DA68CD53212312CF00AE8515;
			productRefGroup = DA68CD5D212312D000AE8515 /* Products */;
			projectDirPath = "";
			projectRoot = "";
			targets = (
				DA68CD5B212312D000AE8515 /* BusarovaCoaching */,
			);
		};
/* End PBXProject section */

/* Begin PBXResourcesBuildPhase section */
		DA68CD5A212312D000AE8515 /* Resources */ = {
			isa = PBXResourcesBuildPhase;
			buildActionMask = 2147483647;
			files = (
				DA68CD6A212312D000AE8515 /* LaunchScreen.storyboard in Resources */,
				DA68CD67212312D000AE8515 /* Assets.xcassets in Resources */,
				DAACF04821345C45006FA934 /* GoogleService-Info.plist in Resources */,
				DA68CD65212312D000AE8515 /* Main.storyboard in Resources */,
				DADEAB2D212458AF0042B564 /* WelcomeFooterXIB.xib in Resources */,
			);
			runOnlyForDeploymentPostprocessing = 0;
		};
/* End PBXResourcesBuildPhase section */

/* Begin PBXShellScriptBuildPhase section */
		899952C34D526051302AF97A /* [CP] Embed Pods Frameworks */ = {
			isa = PBXShellScriptBuildPhase;
			buildActionMask = 2147483647;
			files = (
			);
			inputPaths = (
				"${SRCROOT}/Pods/Target Support Files/Pods-BusarovaCoaching/Pods-BusarovaCoaching-frameworks.sh",
				"${BUILT_PRODUCTS_DIR}/BoringSSL/openssl.framework",
				"${BUILT_PRODUCTS_DIR}/GTMSessionFetcher/GTMSessionFetcher.framework",
				"${BUILT_PRODUCTS_DIR}/GoogleUtilities/GoogleUtilities.framework",
				"${BUILT_PRODUCTS_DIR}/Kingfisher/Kingfisher.framework",
				"${BUILT_PRODUCTS_DIR}/Protobuf/Protobuf.framework",
				"${BUILT_PRODUCTS_DIR}/gRPC/GRPCClient.framework",
				"${BUILT_PRODUCTS_DIR}/gRPC-Core/grpc.framework",
				"${BUILT_PRODUCTS_DIR}/gRPC-ProtoRPC/ProtoRPC.framework",
				"${BUILT_PRODUCTS_DIR}/gRPC-RxLibrary/RxLibrary.framework",
				"${BUILT_PRODUCTS_DIR}/leveldb-library/leveldb.framework",
				"${BUILT_PRODUCTS_DIR}/nanopb/nanopb.framework",
			);
			name = "[CP] Embed Pods Frameworks";
			outputPaths = (
				"${TARGET_BUILD_DIR}/${FRAMEWORKS_FOLDER_PATH}/openssl.framework",
				"${TARGET_BUILD_DIR}/${FRAMEWORKS_FOLDER_PATH}/GTMSessionFetcher.framework",
				"${TARGET_BUILD_DIR}/${FRAMEWORKS_FOLDER_PATH}/GoogleUtilities.framework",
				"${TARGET_BUILD_DIR}/${FRAMEWORKS_FOLDER_PATH}/Kingfisher.framework",
				"${TARGET_BUILD_DIR}/${FRAMEWORKS_FOLDER_PATH}/Protobuf.framework",
				"${TARGET_BUILD_DIR}/${FRAMEWORKS_FOLDER_PATH}/GRPCClient.framework",
				"${TARGET_BUILD_DIR}/${FRAMEWORKS_FOLDER_PATH}/grpc.framework",
				"${TARGET_BUILD_DIR}/${FRAMEWORKS_FOLDER_PATH}/ProtoRPC.framework",
				"${TARGET_BUILD_DIR}/${FRAMEWORKS_FOLDER_PATH}/RxLibrary.framework",
				"${TARGET_BUILD_DIR}/${FRAMEWORKS_FOLDER_PATH}/leveldb.framework",
				"${TARGET_BUILD_DIR}/${FRAMEWORKS_FOLDER_PATH}/nanopb.framework",
			);
			runOnlyForDeploymentPostprocessing = 0;
			shellPath = /bin/sh;
			shellScript = "\"${SRCROOT}/Pods/Target Support Files/Pods-BusarovaCoaching/Pods-BusarovaCoaching-frameworks.sh\"\n";
			showEnvVarsInLog = 0;
		};
		AECD3B61C1BEAA2A242F2459 /* [CP] Check Pods Manifest.lock */ = {
			isa = PBXShellScriptBuildPhase;
			buildActionMask = 2147483647;
			files = (
			);
			inputPaths = (
				"${PODS_PODFILE_DIR_PATH}/Podfile.lock",
				"${PODS_ROOT}/Manifest.lock",
			);
			name = "[CP] Check Pods Manifest.lock";
			outputPaths = (
				"$(DERIVED_FILE_DIR)/Pods-BusarovaCoaching-checkManifestLockResult.txt",
			);
			runOnlyForDeploymentPostprocessing = 0;
			shellPath = /bin/sh;
			shellScript = "diff \"${PODS_PODFILE_DIR_PATH}/Podfile.lock\" \"${PODS_ROOT}/Manifest.lock\" > /dev/null\nif [ $? != 0 ] ; then\n    # print error to STDERR\n    echo \"error: The sandbox is not in sync with the Podfile.lock. Run 'pod install' or update your CocoaPods installation.\" >&2\n    exit 1\nfi\n# This output is used by Xcode 'outputs' to avoid re-running this script phase.\necho \"SUCCESS\" > \"${SCRIPT_OUTPUT_FILE_0}\"\n";
			showEnvVarsInLog = 0;
		};
/* End PBXShellScriptBuildPhase section */

/* Begin PBXSourcesBuildPhase section */
		DA68CD58212312D000AE8515 /* Sources */ = {
			isa = PBXSourcesBuildPhase;
			buildActionMask = 2147483647;
			files = (
				DAC124F62126074D00378DA1 /* DevelopmentTableViewController.swift in Sources */,
				DAC124FD212610CB00378DA1 /* NotesCell.swift in Sources */,
				DAC124F12125FDED00378DA1 /* AchievementsTableViewController.swift in Sources */,
				DAB5CB192135BA3300B436C2 /* NotesModel.swift in Sources */,
				DA9ED6042133F92900FB54FB /* CharacteristicsCellLevel1.swift in Sources */,
				DA5A553C21243B4D00B7153E /* CheckBoxButton.swift in Sources */,
				DA9ED60C2134176000FB54FB /* DBTables.swift in Sources */,
				DAC124E72125E83B00378DA1 /* CabinetCell.swift in Sources */,
				DA9ED5FB2133EA4800FB54FB /* CharacteristicsModel.swift in Sources */,
				DAC124FF2126120A00378DA1 /* DetailedNoteViewController.swift in Sources */,
				DAC124E32125E18C00378DA1 /* CabinetTableViewController.swift in Sources */,
				DAB5CB152135A5A000B436C2 /* AchievementsModel.swift in Sources */,
				DAA97B042123396F005AF50F /* WelcomeTableCell.swift in Sources */,
				DA167D0B2134300F001A9A84 /* DataController.swift in Sources */,
				DAC124E92125ECC500378DA1 /* CabinetSectionView.swift in Sources */,
				DAC0AE38214850BC00FF9D82 /* FirebaseController.swift in Sources */,
				DA9ED6022133F7D900FB54FB /* CharacteristicsCellLevel0.swift in Sources */,
				DAC124E52125E20500378DA1 /* CabinetModel.swift in Sources */,
				DAC124F82126086B00378DA1 /* DevelopmentCell.swift in Sources */,
				DA68CD60212312D000AE8515 /* AppDelegate.swift in Sources */,
				DADEAB2F21246A860042B564 /* WelcomeFootterXIB.swift in Sources */,
				DA9ED5FE2133F53C00FB54FB /* CharacteristicsTableViewController.swift in Sources */,
				DAA97B0621233DAF005AF50F /* DescriptionViewController.swift in Sources */,
				DAB5CB1B21369A9F00B436C2 /* AboutArticlesModel.swift in Sources */,
				DAC124FB21260FA000378DA1 /* NotesTableViewController.swift in Sources */,
				DAC0AE3421484A4B00FF9D82 /* SegueIdentifiers.swift in Sources */,
				DAC0AE3621484D1D00FF9D82 /* StorageController.swift in Sources */,
				DA9ED60A2133FCE800FB54FB /* CharacteristicsCellLevel2.swift in Sources */,
				DAC124ED2125F90500378DA1 /* CompetenceCell.swift in Sources */,
				DAA97B0221233715005AF50F /* WelcomeModel.swift in Sources */,
				DAA97B00212336C0005AF50F /* WelcomeTableViewController.swift in Sources */,
				DAC124EB2125F88900378DA1 /* CompetenceTableViewController.swift in Sources */,
				DA9ED6002133F69400FB54FB /* CellIdentifiers.swift in Sources */,
				DAC124F32125FED800378DA1 /* AchivementsCell.swift in Sources */,
			);
			runOnlyForDeploymentPostprocessing = 0;
		};
/* End PBXSourcesBuildPhase section */

/* Begin PBXVariantGroup section */
		DA68CD63212312D000AE8515 /* Main.storyboard */ = {
			isa = PBXVariantGroup;
			children = (
				DA68CD64212312D000AE8515 /* Base */,
			);
			name = Main.storyboard;
			sourceTree = "<group>";
		};
		DA68CD68212312D000AE8515 /* LaunchScreen.storyboard */ = {
			isa = PBXVariantGroup;
			children = (
				DA68CD69212312D000AE8515 /* Base */,
			);
			name = LaunchScreen.storyboard;
			sourceTree = "<group>";
		};
/* End PBXVariantGroup section */

/* Begin XCBuildConfiguration section */
		DA68CD6C212312D000AE8515 /* Debug */ = {
			isa = XCBuildConfiguration;
			buildSettings = {
				ALWAYS_SEARCH_USER_PATHS = NO;
				CLANG_ANALYZER_NONNULL = YES;
				CLANG_ANALYZER_NUMBER_OBJECT_CONVERSION = YES_AGGRESSIVE;
				CLANG_CXX_LANGUAGE_STANDARD = "gnu++14";
				CLANG_CXX_LIBRARY = "libc++";
				CLANG_ENABLE_MODULES = YES;
				CLANG_ENABLE_OBJC_ARC = YES;
				CLANG_ENABLE_OBJC_WEAK = YES;
				CLANG_WARN_BLOCK_CAPTURE_AUTORELEASING = YES;
				CLANG_WARN_BOOL_CONVERSION = YES;
				CLANG_WARN_COMMA = YES;
				CLANG_WARN_CONSTANT_CONVERSION = YES;
				CLANG_WARN_DEPRECATED_OBJC_IMPLEMENTATIONS = YES;
				CLANG_WARN_DIRECT_OBJC_ISA_USAGE = YES_ERROR;
				CLANG_WARN_DOCUMENTATION_COMMENTS = YES;
				CLANG_WARN_EMPTY_BODY = YES;
				CLANG_WARN_ENUM_CONVERSION = YES;
				CLANG_WARN_INFINITE_RECURSION = YES;
				CLANG_WARN_INT_CONVERSION = YES;
				CLANG_WARN_NON_LITERAL_NULL_CONVERSION = YES;
				CLANG_WARN_OBJC_IMPLICIT_RETAIN_SELF = YES;
				CLANG_WARN_OBJC_LITERAL_CONVERSION = YES;
				CLANG_WARN_OBJC_ROOT_CLASS = YES_ERROR;
				CLANG_WARN_RANGE_LOOP_ANALYSIS = YES;
				CLANG_WARN_STRICT_PROTOTYPES = YES;
				CLANG_WARN_SUSPICIOUS_MOVE = YES;
				CLANG_WARN_UNGUARDED_AVAILABILITY = YES_AGGRESSIVE;
				CLANG_WARN_UNREACHABLE_CODE = YES;
				CLANG_WARN__DUPLICATE_METHOD_MATCH = YES;
				CODE_SIGN_IDENTITY = "iPhone Developer";
				COPY_PHASE_STRIP = NO;
				DEBUG_INFORMATION_FORMAT = dwarf;
				ENABLE_STRICT_OBJC_MSGSEND = YES;
				ENABLE_TESTABILITY = YES;
				GCC_C_LANGUAGE_STANDARD = gnu11;
				GCC_DYNAMIC_NO_PIC = NO;
				GCC_NO_COMMON_BLOCKS = YES;
				GCC_OPTIMIZATION_LEVEL = 0;
				GCC_PREPROCESSOR_DEFINITIONS = (
					"DEBUG=1",
					"$(inherited)",
				);
				GCC_WARN_64_TO_32_BIT_CONVERSION = YES;
				GCC_WARN_ABOUT_RETURN_TYPE = YES_ERROR;
				GCC_WARN_UNDECLARED_SELECTOR = YES;
				GCC_WARN_UNINITIALIZED_AUTOS = YES_AGGRESSIVE;
				GCC_WARN_UNUSED_FUNCTION = YES;
				GCC_WARN_UNUSED_VARIABLE = YES;
				IPHONEOS_DEPLOYMENT_TARGET = 11.4;
				MTL_ENABLE_DEBUG_INFO = YES;
				ONLY_ACTIVE_ARCH = YES;
				SDKROOT = iphoneos;
				SWIFT_ACTIVE_COMPILATION_CONDITIONS = DEBUG;
				SWIFT_OPTIMIZATION_LEVEL = "-Onone";
			};
			name = Debug;
		};
		DA68CD6D212312D000AE8515 /* Release */ = {
			isa = XCBuildConfiguration;
			buildSettings = {
				ALWAYS_SEARCH_USER_PATHS = NO;
				CLANG_ANALYZER_NONNULL = YES;
				CLANG_ANALYZER_NUMBER_OBJECT_CONVERSION = YES_AGGRESSIVE;
				CLANG_CXX_LANGUAGE_STANDARD = "gnu++14";
				CLANG_CXX_LIBRARY = "libc++";
				CLANG_ENABLE_MODULES = YES;
				CLANG_ENABLE_OBJC_ARC = YES;
				CLANG_ENABLE_OBJC_WEAK = YES;
				CLANG_WARN_BLOCK_CAPTURE_AUTORELEASING = YES;
				CLANG_WARN_BOOL_CONVERSION = YES;
				CLANG_WARN_COMMA = YES;
				CLANG_WARN_CONSTANT_CONVERSION = YES;
				CLANG_WARN_DEPRECATED_OBJC_IMPLEMENTATIONS = YES;
				CLANG_WARN_DIRECT_OBJC_ISA_USAGE = YES_ERROR;
				CLANG_WARN_DOCUMENTATION_COMMENTS = YES;
				CLANG_WARN_EMPTY_BODY = YES;
				CLANG_WARN_ENUM_CONVERSION = YES;
				CLANG_WARN_INFINITE_RECURSION = YES;
				CLANG_WARN_INT_CONVERSION = YES;
				CLANG_WARN_NON_LITERAL_NULL_CONVERSION = YES;
				CLANG_WARN_OBJC_IMPLICIT_RETAIN_SELF = YES;
				CLANG_WARN_OBJC_LITERAL_CONVERSION = YES;
				CLANG_WARN_OBJC_ROOT_CLASS = YES_ERROR;
				CLANG_WARN_RANGE_LOOP_ANALYSIS = YES;
				CLANG_WARN_STRICT_PROTOTYPES = YES;
				CLANG_WARN_SUSPICIOUS_MOVE = YES;
				CLANG_WARN_UNGUARDED_AVAILABILITY = YES_AGGRESSIVE;
				CLANG_WARN_UNREACHABLE_CODE = YES;
				CLANG_WARN__DUPLICATE_METHOD_MATCH = YES;
				CODE_SIGN_IDENTITY = "iPhone Developer";
				COPY_PHASE_STRIP = NO;
				DEBUG_INFORMATION_FORMAT = "dwarf-with-dsym";
				ENABLE_NS_ASSERTIONS = NO;
				ENABLE_STRICT_OBJC_MSGSEND = YES;
				GCC_C_LANGUAGE_STANDARD = gnu11;
				GCC_NO_COMMON_BLOCKS = YES;
				GCC_WARN_64_TO_32_BIT_CONVERSION = YES;
				GCC_WARN_ABOUT_RETURN_TYPE = YES_ERROR;
				GCC_WARN_UNDECLARED_SELECTOR = YES;
				GCC_WARN_UNINITIALIZED_AUTOS = YES_AGGRESSIVE;
				GCC_WARN_UNUSED_FUNCTION = YES;
				GCC_WARN_UNUSED_VARIABLE = YES;
				IPHONEOS_DEPLOYMENT_TARGET = 11.4;
				MTL_ENABLE_DEBUG_INFO = NO;
				SDKROOT = iphoneos;
				SWIFT_COMPILATION_MODE = wholemodule;
				SWIFT_OPTIMIZATION_LEVEL = "-O";
				VALIDATE_PRODUCT = YES;
			};
			name = Release;
		};
		DA68CD6F212312D000AE8515 /* Debug */ = {
			isa = XCBuildConfiguration;
			baseConfigurationReference = 5868065F6968F58F8DEBB8E1 /* Pods-BusarovaCoaching.debug.xcconfig */;
			buildSettings = {
				ASSETCATALOG_COMPILER_APPICON_NAME = AppIcon;
				CODE_SIGN_STYLE = Automatic;
				DEVELOPMENT_TEAM = 3BEPD83256;
				FRAMEWORK_SEARCH_PATHS = "$(inherited)";
				INFOPLIST_FILE = BusarovaCoaching/Info.plist;
				LD_RUNPATH_SEARCH_PATHS = (
					"$(inherited)",
					"@executable_path/Frameworks",
				);
				PRODUCT_BUNDLE_IDENTIFIER = ru.homber.BusarovaCoaching;
				PRODUCT_NAME = "$(TARGET_NAME)";
				SWIFT_VERSION = 4.0;
				TARGETED_DEVICE_FAMILY = 1;
			};
			name = Debug;
		};
		DA68CD70212312D000AE8515 /* Release */ = {
			isa = XCBuildConfiguration;
			baseConfigurationReference = 7D348FDAB9D9C3649F079096 /* Pods-BusarovaCoaching.release.xcconfig */;
			buildSettings = {
				ASSETCATALOG_COMPILER_APPICON_NAME = AppIcon;
				CODE_SIGN_STYLE = Automatic;
				DEVELOPMENT_TEAM = 3BEPD83256;
				FRAMEWORK_SEARCH_PATHS = "$(inherited)";
				INFOPLIST_FILE = BusarovaCoaching/Info.plist;
				LD_RUNPATH_SEARCH_PATHS = (
					"$(inherited)",
					"@executable_path/Frameworks",
				);
				PRODUCT_BUNDLE_IDENTIFIER = ru.homber.BusarovaCoaching;
				PRODUCT_NAME = "$(TARGET_NAME)";
				SWIFT_VERSION = 4.0;
				TARGETED_DEVICE_FAMILY = 1;
			};
			name = Release;
		};
/* End XCBuildConfiguration section */

/* Begin XCConfigurationList section */
		DA68CD57212312CF00AE8515 /* Build configuration list for PBXProject "BusarovaCoaching" */ = {
			isa = XCConfigurationList;
			buildConfigurations = (
				DA68CD6C212312D000AE8515 /* Debug */,
				DA68CD6D212312D000AE8515 /* Release */,
			);
			defaultConfigurationIsVisible = 0;
			defaultConfigurationName = Release;
		};
		DA68CD6E212312D000AE8515 /* Build configuration list for PBXNativeTarget "BusarovaCoaching" */ = {
			isa = XCConfigurationList;
			buildConfigurations = (
				DA68CD6F212312D000AE8515 /* Debug */,
				DA68CD70212312D000AE8515 /* Release */,
			);
			defaultConfigurationIsVisible = 0;
			defaultConfigurationName = Release;
		};
/* End XCConfigurationList section */
	};
	rootObject = DA68CD54212312CF00AE8515 /* Project object */;
}
